// !$*UTF8*$!
{
	archiveVersion = 1;
	classes = {
	};
	objectVersion = 51;
	objects = {

/* Begin PBXBuildFile section */
		18ABAB6A29306368D37953AD /* Pods_MasterDegreeApplicationTests.framework in Frameworks */ = {isa = PBXBuildFile; fileRef = 978FBAD6E4A116CEC4EA9237 /* Pods_MasterDegreeApplicationTests.framework */; };
		56A8AE396F469E1EDE5E3B7C /* Pods_MasterDegreeApplication.framework in Frameworks */ = {isa = PBXBuildFile; fileRef = 1AE39AAC5F240C8FD77A59D7 /* Pods_MasterDegreeApplication.framework */; };
		F012541C2429154F00B90B6D /* MVVMSignUpViewControllerTests.swift in Sources */ = {isa = PBXBuildFile; fileRef = F012541B2429154F00B90B6D /* MVVMSignUpViewControllerTests.swift */; };
		F012541E2429159B00B90B6D /* SignUpViewModel.swift in Sources */ = {isa = PBXBuildFile; fileRef = F012541D2429159B00B90B6D /* SignUpViewModel.swift */; };
		F01254202429168500B90B6D /* SignUpViewControllerDelegate.swift in Sources */ = {isa = PBXBuildFile; fileRef = F012541F2429168500B90B6D /* SignUpViewControllerDelegate.swift */; };
		F01254222429193200B90B6D /* BorderedTextField.swift in Sources */ = {isa = PBXBuildFile; fileRef = F01254212429193200B90B6D /* BorderedTextField.swift */; };
		F0125425242919C900B90B6D /* RoundedGrayButton.swift in Sources */ = {isa = PBXBuildFile; fileRef = F0125424242919C900B90B6D /* RoundedGrayButton.swift */; };
		F012542724291ED400B90B6D /* MVCSignUpViewControllerTests.swift in Sources */ = {isa = PBXBuildFile; fileRef = F012542624291ED400B90B6D /* MVCSignUpViewControllerTests.swift */; };
		F012542924291EF800B90B6D /* MVCSignUpViewController.swift in Sources */ = {isa = PBXBuildFile; fileRef = F012542824291EF800B90B6D /* MVCSignUpViewController.swift */; };
		F012542B2429203F00B90B6D /* Validator.swift in Sources */ = {isa = PBXBuildFile; fileRef = F012542A2429203F00B90B6D /* Validator.swift */; };
		F012542D2429214F00B90B6D /* ValidatorTests.swift in Sources */ = {isa = PBXBuildFile; fileRef = F012542C2429214F00B90B6D /* ValidatorTests.swift */; };
		F01254302429238F00B90B6D /* UserTests.swift in Sources */ = {isa = PBXBuildFile; fileRef = F012542F2429238F00B90B6D /* UserTests.swift */; };
		F0346F30242D28F100368ABD /* MVVMMainTabbarCoordinatorTests.swift in Sources */ = {isa = PBXBuildFile; fileRef = F0346F2F242D28F100368ABD /* MVVMMainTabbarCoordinatorTests.swift */; };
		F0346F32242D297600368ABD /* MVVMMainTabbarCoordinator.swift in Sources */ = {isa = PBXBuildFile; fileRef = F0346F31242D297600368ABD /* MVVMMainTabbarCoordinator.swift */; };
		F0346F36242D2B1D00368ABD /* KeychainProvider.swift in Sources */ = {isa = PBXBuildFile; fileRef = F0346F35242D2B1D00368ABD /* KeychainProvider.swift */; };
		F0346F38242D307A00368ABD /* MVCMainTabbarCoordinatorTests.swift in Sources */ = {isa = PBXBuildFile; fileRef = F0346F37242D307A00368ABD /* MVCMainTabbarCoordinatorTests.swift */; };
		F0346F3A242D30B800368ABD /* MVCMainTabbarCoordinator.swift in Sources */ = {isa = PBXBuildFile; fileRef = F0346F39242D30B800368ABD /* MVCMainTabbarCoordinator.swift */; };
		F0346F3C242D3E8900368ABD /* MVVMUsersCoordinatorTests.swift in Sources */ = {isa = PBXBuildFile; fileRef = F0346F3B242D3E8900368ABD /* MVVMUsersCoordinatorTests.swift */; };
		F0346F3E242D3F0100368ABD /* MVCUsersCoordinatorTests.swift in Sources */ = {isa = PBXBuildFile; fileRef = F0346F3D242D3F0100368ABD /* MVCUsersCoordinatorTests.swift */; };
		F0346F40242D3F4900368ABD /* MVVMUsersViewControllerTests.swift in Sources */ = {isa = PBXBuildFile; fileRef = F0346F3F242D3F4900368ABD /* MVVMUsersViewControllerTests.swift */; };
		F0346F42242D3F8500368ABD /* MVCUsersViewControllerTests.swift in Sources */ = {isa = PBXBuildFile; fileRef = F0346F41242D3F8500368ABD /* MVCUsersViewControllerTests.swift */; };
		F0346F44242D3FB500368ABD /* UsersViewModelTests.swift in Sources */ = {isa = PBXBuildFile; fileRef = F0346F43242D3FB500368ABD /* UsersViewModelTests.swift */; };
		F0346F46242D401300368ABD /* UsersViewModel.swift in Sources */ = {isa = PBXBuildFile; fileRef = F0346F45242D401300368ABD /* UsersViewModel.swift */; };
		F0346F48242D406000368ABD /* MVVMUsersViewController.swift in Sources */ = {isa = PBXBuildFile; fileRef = F0346F47242D406000368ABD /* MVVMUsersViewController.swift */; };
		F0346F4A242D40CA00368ABD /* MVCUsersViewController.swift in Sources */ = {isa = PBXBuildFile; fileRef = F0346F49242D40CA00368ABD /* MVCUsersViewController.swift */; };
		F0346F4C242D411200368ABD /* MVVMUsersCoordinator.swift in Sources */ = {isa = PBXBuildFile; fileRef = F0346F4B242D411200368ABD /* MVVMUsersCoordinator.swift */; };
		F0346F4E242D421100368ABD /* MVCUsersCoordinator.swift in Sources */ = {isa = PBXBuildFile; fileRef = F0346F4D242D421100368ABD /* MVCUsersCoordinator.swift */; };
		F0346F50242D44B900368ABD /* KeychainProviderMock.swift in Sources */ = {isa = PBXBuildFile; fileRef = F0346F4F242D44B900368ABD /* KeychainProviderMock.swift */; };
		F0346F52242D478C00368ABD /* MVVMCalendarCoordinatorTests.swift in Sources */ = {isa = PBXBuildFile; fileRef = F0346F51242D478C00368ABD /* MVVMCalendarCoordinatorTests.swift */; };
		F0346F54242D47B800368ABD /* MVVMCalendarViewControllerTests.swift in Sources */ = {isa = PBXBuildFile; fileRef = F0346F53242D47B800368ABD /* MVVMCalendarViewControllerTests.swift */; };
		F0346F56242D47E100368ABD /* CalendarViewModelTests.swift in Sources */ = {isa = PBXBuildFile; fileRef = F0346F55242D47E100368ABD /* CalendarViewModelTests.swift */; };
		F0346F58242D481B00368ABD /* MVCCalendarCoordinatorTests.swift in Sources */ = {isa = PBXBuildFile; fileRef = F0346F57242D481B00368ABD /* MVCCalendarCoordinatorTests.swift */; };
		F0346F5A242D484200368ABD /* MVCCalendarViewControllerTests.swift in Sources */ = {isa = PBXBuildFile; fileRef = F0346F59242D484200368ABD /* MVCCalendarViewControllerTests.swift */; };
		F0346F5C242D487D00368ABD /* CalendarViewModel.swift in Sources */ = {isa = PBXBuildFile; fileRef = F0346F5B242D487D00368ABD /* CalendarViewModel.swift */; };
		F0346F5E242D48AF00368ABD /* MVVMCalendarViewController.swift in Sources */ = {isa = PBXBuildFile; fileRef = F0346F5D242D48AF00368ABD /* MVVMCalendarViewController.swift */; };
		F0346F60242D48EA00368ABD /* MVVMCalendarCoordinator.swift in Sources */ = {isa = PBXBuildFile; fileRef = F0346F5F242D48EA00368ABD /* MVVMCalendarCoordinator.swift */; };
		F0346F62242D496100368ABD /* MVCCalendarCoordinator.swift in Sources */ = {isa = PBXBuildFile; fileRef = F0346F61242D496100368ABD /* MVCCalendarCoordinator.swift */; };
		F0346F64242D499000368ABD /* MVCCalendarViewController.swift in Sources */ = {isa = PBXBuildFile; fileRef = F0346F63242D499000368ABD /* MVCCalendarViewController.swift */; };
		F0346F66242D4AC400368ABD /* MVVMProfileCoordinatorTests.swift in Sources */ = {isa = PBXBuildFile; fileRef = F0346F65242D4AC400368ABD /* MVVMProfileCoordinatorTests.swift */; };
		F0346F68242D4AF100368ABD /* MVVMProfileViewControllerTests.swift in Sources */ = {isa = PBXBuildFile; fileRef = F0346F67242D4AF100368ABD /* MVVMProfileViewControllerTests.swift */; };
		F0346F6A242D4B1300368ABD /* ProfileViewModelTests.swift in Sources */ = {isa = PBXBuildFile; fileRef = F0346F69242D4B1300368ABD /* ProfileViewModelTests.swift */; };
		F0346F6C242D4B3800368ABD /* MVCProfileCoordinatorTests.swift in Sources */ = {isa = PBXBuildFile; fileRef = F0346F6B242D4B3800368ABD /* MVCProfileCoordinatorTests.swift */; };
		F0346F6E242D4B6200368ABD /* MVCProfileViewControllerTests.swift in Sources */ = {isa = PBXBuildFile; fileRef = F0346F6D242D4B6200368ABD /* MVCProfileViewControllerTests.swift */; };
		F0346F70242D4BA700368ABD /* ProfileViewModel.swift in Sources */ = {isa = PBXBuildFile; fileRef = F0346F6F242D4BA700368ABD /* ProfileViewModel.swift */; };
		F0346F72242D4BDF00368ABD /* MVVMProfileViewController.swift in Sources */ = {isa = PBXBuildFile; fileRef = F0346F71242D4BDF00368ABD /* MVVMProfileViewController.swift */; };
		F0346F74242D4C0C00368ABD /* MVVMProfileCoordinator.swift in Sources */ = {isa = PBXBuildFile; fileRef = F0346F73242D4C0C00368ABD /* MVVMProfileCoordinator.swift */; };
		F0346F76242D4C6D00368ABD /* MVCProfileCoordinator.swift in Sources */ = {isa = PBXBuildFile; fileRef = F0346F75242D4C6D00368ABD /* MVCProfileCoordinator.swift */; };
		F0346F78242D4C9F00368ABD /* MVCProfileViewController.swift in Sources */ = {isa = PBXBuildFile; fileRef = F0346F77242D4C9F00368ABD /* MVCProfileViewController.swift */; };
		F0353E85242619E800AEB067 /* MVVMAppCoordinatorTests.swift in Sources */ = {isa = PBXBuildFile; fileRef = F0353E84242619E800AEB067 /* MVVMAppCoordinatorTests.swift */; };
		F0353E8924261A8C00AEB067 /* Coordinator.swift in Sources */ = {isa = PBXBuildFile; fileRef = F0353E8824261A8C00AEB067 /* Coordinator.swift */; };
		F0353E8B24261A9D00AEB067 /* MVVMAppCoordinator.swift in Sources */ = {isa = PBXBuildFile; fileRef = F0353E8A24261A9D00AEB067 /* MVVMAppCoordinator.swift */; };
		F05E8E62242809B0007314BD /* UIViewController+UIWindow.swift in Sources */ = {isa = PBXBuildFile; fileRef = F05E8E61242809B0007314BD /* UIViewController+UIWindow.swift */; };
		F05ED8A92438BB4900836D8A /* UserDataCacheMock.swift in Sources */ = {isa = PBXBuildFile; fileRef = F05ED8A82438BB4900836D8A /* UserDataCacheMock.swift */; };
		F0610F0B2447923C00C58740 /* CalendarEvent.swift in Sources */ = {isa = PBXBuildFile; fileRef = F0610F0A2447923C00C58740 /* CalendarEvent.swift */; };
		F063CC9A2433A5F0000227C8 /* AddUserCell.swift in Sources */ = {isa = PBXBuildFile; fileRef = F063CC992433A5F0000227C8 /* AddUserCell.swift */; };
		F063CC9C2433B4E8000227C8 /* UserDataCache.swift in Sources */ = {isa = PBXBuildFile; fileRef = F063CC9B2433B4E8000227C8 /* UserDataCache.swift */; };
		F065399D242BBC5A00AF4E0F /* UserRealm.swift in Sources */ = {isa = PBXBuildFile; fileRef = F065399C242BBC5A00AF4E0F /* UserRealm.swift */; };
		F0685D6B2426708D00F900CF /* MVVMSignInCoordinatorTests.swift in Sources */ = {isa = PBXBuildFile; fileRef = F0685D6A2426708D00F900CF /* MVVMSignInCoordinatorTests.swift */; };
		F0685D6D242671CB00F900CF /* MVVMSignInCoordinator.swift in Sources */ = {isa = PBXBuildFile; fileRef = F0685D6C242671CB00F900CF /* MVVMSignInCoordinator.swift */; };
		F0699849242BBD8E00A0E30D /* Context.swift in Sources */ = {isa = PBXBuildFile; fileRef = F0699848242BBD8E00A0E30D /* Context.swift */; };
		F069984C242BBE4900A0E30D /* RealmProvider.swift in Sources */ = {isa = PBXBuildFile; fileRef = F069984B242BBE4900A0E30D /* RealmProvider.swift */; };
		F069984E242BC2DD00A0E30D /* AppErrors.swift in Sources */ = {isa = PBXBuildFile; fileRef = F069984D242BC2DD00A0E30D /* AppErrors.swift */; };
		F0699850242BC89600A0E30D /* ContextBuilder.swift in Sources */ = {isa = PBXBuildFile; fileRef = F069984F242BC89600A0E30D /* ContextBuilder.swift */; };
		F0699855242BC97B00A0E30D /* RealmProviderMock.swift in Sources */ = {isa = PBXBuildFile; fileRef = F0699854242BC97B00A0E30D /* RealmProviderMock.swift */; };
		F074A6E8242414080088D4F3 /* AppDelegate.swift in Sources */ = {isa = PBXBuildFile; fileRef = F074A6E7242414080088D4F3 /* AppDelegate.swift */; };
		F074A6EA242414080088D4F3 /* SceneDelegate.swift in Sources */ = {isa = PBXBuildFile; fileRef = F074A6E9242414080088D4F3 /* SceneDelegate.swift */; };
		F074A6EE2424140A0088D4F3 /* Assets.xcassets in Resources */ = {isa = PBXBuildFile; fileRef = F074A6ED2424140A0088D4F3 /* Assets.xcassets */; };
		F074A6F42424140A0088D4F3 /* LaunchScreen.storyboard in Resources */ = {isa = PBXBuildFile; fileRef = F074A6F22424140A0088D4F3 /* LaunchScreen.storyboard */; };
		F074A70B242418110088D4F3 /* MVVMSignInViewController.swift in Sources */ = {isa = PBXBuildFile; fileRef = F074A70A242418110088D4F3 /* MVVMSignInViewController.swift */; };
		F074A71224241D290088D4F3 /* Localizable.strings in Resources */ = {isa = PBXBuildFile; fileRef = F074A71024241D290088D4F3 /* Localizable.strings */; };
		F09434682427844A007898C8 /* AppArchitecture.swift in Sources */ = {isa = PBXBuildFile; fileRef = F09434672427844A007898C8 /* AppArchitecture.swift */; };
		F094346A242784E3007898C8 /* MVCAppCoordinatorTests.swift in Sources */ = {isa = PBXBuildFile; fileRef = F0943469242784E3007898C8 /* MVCAppCoordinatorTests.swift */; };
		F094346E24278546007898C8 /* MVCAppCoordinator.swift in Sources */ = {isa = PBXBuildFile; fileRef = F094346D24278546007898C8 /* MVCAppCoordinator.swift */; };
		F0943472242785BF007898C8 /* MVCSignInCoordinatorTests.swift in Sources */ = {isa = PBXBuildFile; fileRef = F0943471242785BF007898C8 /* MVCSignInCoordinatorTests.swift */; };
		F0943474242785E5007898C8 /* MVCSignInCoordinator.swift in Sources */ = {isa = PBXBuildFile; fileRef = F0943473242785E5007898C8 /* MVCSignInCoordinator.swift */; };
		F09434762427861D007898C8 /* MVCSignInViewControllerTests.swift in Sources */ = {isa = PBXBuildFile; fileRef = F09434752427861D007898C8 /* MVCSignInViewControllerTests.swift */; };
		F094347924278659007898C8 /* MVCSignInViewController.swift in Sources */ = {isa = PBXBuildFile; fileRef = F094347824278659007898C8 /* MVCSignInViewController.swift */; };
		F094347C242786F8007898C8 /* SelectedArchitecture.swift in Sources */ = {isa = PBXBuildFile; fileRef = F094347B242786F8007898C8 /* SelectedArchitecture.swift */; };
		F094347E242787D0007898C8 /* SignInViewControllerDelegate.swift in Sources */ = {isa = PBXBuildFile; fileRef = F094347D242787D0007898C8 /* SignInViewControllerDelegate.swift */; };
		F094348124278CAF007898C8 /* MVVMSignUpViewController.swift in Sources */ = {isa = PBXBuildFile; fileRef = F094348024278CAF007898C8 /* MVVMSignUpViewController.swift */; };
		F095A337242691C400D51976 /* SignInViewModel.swift in Sources */ = {isa = PBXBuildFile; fileRef = F095A336242691C400D51976 /* SignInViewModel.swift */; };
		F095A33A242692D500D51976 /* ViewModel.swift in Sources */ = {isa = PBXBuildFile; fileRef = F095A339242692D500D51976 /* ViewModel.swift */; };
		F095A33E2426937D00D51976 /* MVVMSignInViewControllerTests.swift in Sources */ = {isa = PBXBuildFile; fileRef = F095A33D2426937D00D51976 /* MVVMSignInViewControllerTests.swift */; };
		F095A3412426984600D51976 /* Array+UIView.swift in Sources */ = {isa = PBXBuildFile; fileRef = F095A3402426984600D51976 /* Array+UIView.swift */; };
		F095A344242699DE00D51976 /* UIColor+AppColors.swift in Sources */ = {isa = PBXBuildFile; fileRef = F095A343242699DE00D51976 /* UIColor+AppColors.swift */; };
		F095A34724269EA900D51976 /* strings.swift in Sources */ = {isa = PBXBuildFile; fileRef = F095A34524269EA900D51976 /* strings.swift */; };
		F095A34824269EA900D51976 /* assets-images.swift in Sources */ = {isa = PBXBuildFile; fileRef = F095A34624269EA900D51976 /* assets-images.swift */; };
		F0B419BA244473E00042B1E7 /* CalendarViewControllerDelegate.swift in Sources */ = {isa = PBXBuildFile; fileRef = F0B419B9244473E00042B1E7 /* CalendarViewControllerDelegate.swift */; };
		F0B419BC244474330042B1E7 /* CreateEventViewModel.swift in Sources */ = {isa = PBXBuildFile; fileRef = F0B419BB244474330042B1E7 /* CreateEventViewModel.swift */; };
		F0B419BE244474890042B1E7 /* MVVMCreateEventViewController.swift in Sources */ = {isa = PBXBuildFile; fileRef = F0B419BD244474890042B1E7 /* MVVMCreateEventViewController.swift */; };
		F0B419C0244474C10042B1E7 /* CreateEventViewControllerDelegate.swift in Sources */ = {isa = PBXBuildFile; fileRef = F0B419BF244474C10042B1E7 /* CreateEventViewControllerDelegate.swift */; };
		F0D0C7182429245900A75D43 /* User.swift in Sources */ = {isa = PBXBuildFile; fileRef = F0D0C7172429245900A75D43 /* User.swift */; };
		F0D0C71A242926DF00A75D43 /* SignUpViewModelTests.swift in Sources */ = {isa = PBXBuildFile; fileRef = F0D0C719242926DF00A75D43 /* SignUpViewModelTests.swift */; };
		F0E73C16242F7E97006CD134 /* UsersViewControllerDelegate.swift in Sources */ = {isa = PBXBuildFile; fileRef = F0E73C15242F7E97006CD134 /* UsersViewControllerDelegate.swift */; };
		F0E73C18242F8540006CD134 /* MVVMAddUserViewControllerTests.swift in Sources */ = {isa = PBXBuildFile; fileRef = F0E73C17242F8540006CD134 /* MVVMAddUserViewControllerTests.swift */; };
		F0E73C1A242F858E006CD134 /* AddUserViewModelTests.swift in Sources */ = {isa = PBXBuildFile; fileRef = F0E73C19242F858E006CD134 /* AddUserViewModelTests.swift */; };
		F0E73C1C242F85D4006CD134 /* MVVMAddUserViewController.swift in Sources */ = {isa = PBXBuildFile; fileRef = F0E73C1B242F85D4006CD134 /* MVVMAddUserViewController.swift */; };
		F0E73C1E242F8601006CD134 /* AddUserViewModel.swift in Sources */ = {isa = PBXBuildFile; fileRef = F0E73C1D242F8601006CD134 /* AddUserViewModel.swift */; };
		F0E73C20242F88FE006CD134 /* AddUserViewControllerDelegate.swift in Sources */ = {isa = PBXBuildFile; fileRef = F0E73C1F242F88FE006CD134 /* AddUserViewControllerDelegate.swift */; };
		F0E73C22242F8A60006CD134 /* MVCAddUserViewControllerTests.swift in Sources */ = {isa = PBXBuildFile; fileRef = F0E73C21242F8A60006CD134 /* MVCAddUserViewControllerTests.swift */; };
		F0E73C24242F8A93006CD134 /* MVCAddUserViewController.swift in Sources */ = {isa = PBXBuildFile; fileRef = F0E73C23242F8A93006CD134 /* MVCAddUserViewController.swift */; };
		F0E73C28242FA649006CD134 /* UserMocks.swift in Sources */ = {isa = PBXBuildFile; fileRef = F0E73C27242FA649006CD134 /* UserMocks.swift */; };
		F0F6643424277AD400FC0A3B /* AppCoordinator.swift in Sources */ = {isa = PBXBuildFile; fileRef = F0F6643324277AD400FC0A3B /* AppCoordinator.swift */; };
/* End PBXBuildFile section */

/* Begin PBXContainerItemProxy section */
		F074A6FB2424140A0088D4F3 /* PBXContainerItemProxy */ = {
			isa = PBXContainerItemProxy;
			containerPortal = F074A6DC242414080088D4F3 /* Project object */;
			proxyType = 1;
			remoteGlobalIDString = F074A6E3242414080088D4F3;
			remoteInfo = MasterDegreeApplication;
		};
/* End PBXContainerItemProxy section */

/* Begin PBXFileReference section */
		10756FAABFB9A6C2F94750BA /* Pods-MasterDegreeApplicationTests.debug.xcconfig */ = {isa = PBXFileReference; includeInIndex = 1; lastKnownFileType = text.xcconfig; name = "Pods-MasterDegreeApplicationTests.debug.xcconfig"; path = "Target Support Files/Pods-MasterDegreeApplicationTests/Pods-MasterDegreeApplicationTests.debug.xcconfig"; sourceTree = "<group>"; };
		1AE39AAC5F240C8FD77A59D7 /* Pods_MasterDegreeApplication.framework */ = {isa = PBXFileReference; explicitFileType = wrapper.framework; includeInIndex = 0; path = Pods_MasterDegreeApplication.framework; sourceTree = BUILT_PRODUCTS_DIR; };
		3721CD806E3074E3328E2380 /* Pods-MasterDegreeApplication.debug.xcconfig */ = {isa = PBXFileReference; includeInIndex = 1; lastKnownFileType = text.xcconfig; name = "Pods-MasterDegreeApplication.debug.xcconfig"; path = "Target Support Files/Pods-MasterDegreeApplication/Pods-MasterDegreeApplication.debug.xcconfig"; sourceTree = "<group>"; };
		978FBAD6E4A116CEC4EA9237 /* Pods_MasterDegreeApplicationTests.framework */ = {isa = PBXFileReference; explicitFileType = wrapper.framework; includeInIndex = 0; path = Pods_MasterDegreeApplicationTests.framework; sourceTree = BUILT_PRODUCTS_DIR; };
		A1E26A0F38A8CA2E6FD4E21F /* Pods-MasterDegreeApplication.release.xcconfig */ = {isa = PBXFileReference; includeInIndex = 1; lastKnownFileType = text.xcconfig; name = "Pods-MasterDegreeApplication.release.xcconfig"; path = "Target Support Files/Pods-MasterDegreeApplication/Pods-MasterDegreeApplication.release.xcconfig"; sourceTree = "<group>"; };
		ADF185C5968799BB091D8379 /* Pods-MasterDegreeApplicationTests.release.xcconfig */ = {isa = PBXFileReference; includeInIndex = 1; lastKnownFileType = text.xcconfig; name = "Pods-MasterDegreeApplicationTests.release.xcconfig"; path = "Target Support Files/Pods-MasterDegreeApplicationTests/Pods-MasterDegreeApplicationTests.release.xcconfig"; sourceTree = "<group>"; };
		F012541B2429154F00B90B6D /* MVVMSignUpViewControllerTests.swift */ = {isa = PBXFileReference; lastKnownFileType = sourcecode.swift; path = MVVMSignUpViewControllerTests.swift; sourceTree = "<group>"; };
		F012541D2429159B00B90B6D /* SignUpViewModel.swift */ = {isa = PBXFileReference; lastKnownFileType = sourcecode.swift; path = SignUpViewModel.swift; sourceTree = "<group>"; };
		F012541F2429168500B90B6D /* SignUpViewControllerDelegate.swift */ = {isa = PBXFileReference; lastKnownFileType = sourcecode.swift; path = SignUpViewControllerDelegate.swift; sourceTree = "<group>"; };
		F01254212429193200B90B6D /* BorderedTextField.swift */ = {isa = PBXFileReference; lastKnownFileType = sourcecode.swift; path = BorderedTextField.swift; sourceTree = "<group>"; };
		F0125424242919C900B90B6D /* RoundedGrayButton.swift */ = {isa = PBXFileReference; lastKnownFileType = sourcecode.swift; path = RoundedGrayButton.swift; sourceTree = "<group>"; };
		F012542624291ED400B90B6D /* MVCSignUpViewControllerTests.swift */ = {isa = PBXFileReference; lastKnownFileType = sourcecode.swift; path = MVCSignUpViewControllerTests.swift; sourceTree = "<group>"; };
		F012542824291EF800B90B6D /* MVCSignUpViewController.swift */ = {isa = PBXFileReference; lastKnownFileType = sourcecode.swift; path = MVCSignUpViewController.swift; sourceTree = "<group>"; };
		F012542A2429203F00B90B6D /* Validator.swift */ = {isa = PBXFileReference; lastKnownFileType = sourcecode.swift; path = Validator.swift; sourceTree = "<group>"; };
		F012542C2429214F00B90B6D /* ValidatorTests.swift */ = {isa = PBXFileReference; lastKnownFileType = sourcecode.swift; path = ValidatorTests.swift; sourceTree = "<group>"; };
		F012542F2429238F00B90B6D /* UserTests.swift */ = {isa = PBXFileReference; lastKnownFileType = sourcecode.swift; path = UserTests.swift; sourceTree = "<group>"; };
		F0346F2F242D28F100368ABD /* MVVMMainTabbarCoordinatorTests.swift */ = {isa = PBXFileReference; lastKnownFileType = sourcecode.swift; path = MVVMMainTabbarCoordinatorTests.swift; sourceTree = "<group>"; };
		F0346F31242D297600368ABD /* MVVMMainTabbarCoordinator.swift */ = {isa = PBXFileReference; lastKnownFileType = sourcecode.swift; path = MVVMMainTabbarCoordinator.swift; sourceTree = "<group>"; };
		F0346F35242D2B1D00368ABD /* KeychainProvider.swift */ = {isa = PBXFileReference; lastKnownFileType = sourcecode.swift; path = KeychainProvider.swift; sourceTree = "<group>"; };
		F0346F37242D307A00368ABD /* MVCMainTabbarCoordinatorTests.swift */ = {isa = PBXFileReference; lastKnownFileType = sourcecode.swift; path = MVCMainTabbarCoordinatorTests.swift; sourceTree = "<group>"; };
		F0346F39242D30B800368ABD /* MVCMainTabbarCoordinator.swift */ = {isa = PBXFileReference; lastKnownFileType = sourcecode.swift; path = MVCMainTabbarCoordinator.swift; sourceTree = "<group>"; };
		F0346F3B242D3E8900368ABD /* MVVMUsersCoordinatorTests.swift */ = {isa = PBXFileReference; lastKnownFileType = sourcecode.swift; path = MVVMUsersCoordinatorTests.swift; sourceTree = "<group>"; };
		F0346F3D242D3F0100368ABD /* MVCUsersCoordinatorTests.swift */ = {isa = PBXFileReference; lastKnownFileType = sourcecode.swift; path = MVCUsersCoordinatorTests.swift; sourceTree = "<group>"; };
		F0346F3F242D3F4900368ABD /* MVVMUsersViewControllerTests.swift */ = {isa = PBXFileReference; lastKnownFileType = sourcecode.swift; path = MVVMUsersViewControllerTests.swift; sourceTree = "<group>"; };
		F0346F41242D3F8500368ABD /* MVCUsersViewControllerTests.swift */ = {isa = PBXFileReference; lastKnownFileType = sourcecode.swift; path = MVCUsersViewControllerTests.swift; sourceTree = "<group>"; };
		F0346F43242D3FB500368ABD /* UsersViewModelTests.swift */ = {isa = PBXFileReference; lastKnownFileType = sourcecode.swift; path = UsersViewModelTests.swift; sourceTree = "<group>"; };
		F0346F45242D401300368ABD /* UsersViewModel.swift */ = {isa = PBXFileReference; lastKnownFileType = sourcecode.swift; path = UsersViewModel.swift; sourceTree = "<group>"; };
		F0346F47242D406000368ABD /* MVVMUsersViewController.swift */ = {isa = PBXFileReference; lastKnownFileType = sourcecode.swift; path = MVVMUsersViewController.swift; sourceTree = "<group>"; };
		F0346F49242D40CA00368ABD /* MVCUsersViewController.swift */ = {isa = PBXFileReference; lastKnownFileType = sourcecode.swift; path = MVCUsersViewController.swift; sourceTree = "<group>"; };
		F0346F4B242D411200368ABD /* MVVMUsersCoordinator.swift */ = {isa = PBXFileReference; lastKnownFileType = sourcecode.swift; path = MVVMUsersCoordinator.swift; sourceTree = "<group>"; };
		F0346F4D242D421100368ABD /* MVCUsersCoordinator.swift */ = {isa = PBXFileReference; lastKnownFileType = sourcecode.swift; path = MVCUsersCoordinator.swift; sourceTree = "<group>"; };
		F0346F4F242D44B900368ABD /* KeychainProviderMock.swift */ = {isa = PBXFileReference; lastKnownFileType = sourcecode.swift; path = KeychainProviderMock.swift; sourceTree = "<group>"; };
		F0346F51242D478C00368ABD /* MVVMCalendarCoordinatorTests.swift */ = {isa = PBXFileReference; lastKnownFileType = sourcecode.swift; path = MVVMCalendarCoordinatorTests.swift; sourceTree = "<group>"; };
		F0346F53242D47B800368ABD /* MVVMCalendarViewControllerTests.swift */ = {isa = PBXFileReference; lastKnownFileType = sourcecode.swift; path = MVVMCalendarViewControllerTests.swift; sourceTree = "<group>"; };
		F0346F55242D47E100368ABD /* CalendarViewModelTests.swift */ = {isa = PBXFileReference; lastKnownFileType = sourcecode.swift; path = CalendarViewModelTests.swift; sourceTree = "<group>"; };
		F0346F57242D481B00368ABD /* MVCCalendarCoordinatorTests.swift */ = {isa = PBXFileReference; lastKnownFileType = sourcecode.swift; path = MVCCalendarCoordinatorTests.swift; sourceTree = "<group>"; };
		F0346F59242D484200368ABD /* MVCCalendarViewControllerTests.swift */ = {isa = PBXFileReference; lastKnownFileType = sourcecode.swift; path = MVCCalendarViewControllerTests.swift; sourceTree = "<group>"; };
		F0346F5B242D487D00368ABD /* CalendarViewModel.swift */ = {isa = PBXFileReference; lastKnownFileType = sourcecode.swift; path = CalendarViewModel.swift; sourceTree = "<group>"; };
		F0346F5D242D48AF00368ABD /* MVVMCalendarViewController.swift */ = {isa = PBXFileReference; lastKnownFileType = sourcecode.swift; path = MVVMCalendarViewController.swift; sourceTree = "<group>"; };
		F0346F5F242D48EA00368ABD /* MVVMCalendarCoordinator.swift */ = {isa = PBXFileReference; lastKnownFileType = sourcecode.swift; path = MVVMCalendarCoordinator.swift; sourceTree = "<group>"; };
		F0346F61242D496100368ABD /* MVCCalendarCoordinator.swift */ = {isa = PBXFileReference; lastKnownFileType = sourcecode.swift; path = MVCCalendarCoordinator.swift; sourceTree = "<group>"; };
		F0346F63242D499000368ABD /* MVCCalendarViewController.swift */ = {isa = PBXFileReference; lastKnownFileType = sourcecode.swift; path = MVCCalendarViewController.swift; sourceTree = "<group>"; };
		F0346F65242D4AC400368ABD /* MVVMProfileCoordinatorTests.swift */ = {isa = PBXFileReference; lastKnownFileType = sourcecode.swift; path = MVVMProfileCoordinatorTests.swift; sourceTree = "<group>"; };
		F0346F67242D4AF100368ABD /* MVVMProfileViewControllerTests.swift */ = {isa = PBXFileReference; lastKnownFileType = sourcecode.swift; path = MVVMProfileViewControllerTests.swift; sourceTree = "<group>"; };
		F0346F69242D4B1300368ABD /* ProfileViewModelTests.swift */ = {isa = PBXFileReference; lastKnownFileType = sourcecode.swift; path = ProfileViewModelTests.swift; sourceTree = "<group>"; };
		F0346F6B242D4B3800368ABD /* MVCProfileCoordinatorTests.swift */ = {isa = PBXFileReference; lastKnownFileType = sourcecode.swift; path = MVCProfileCoordinatorTests.swift; sourceTree = "<group>"; };
		F0346F6D242D4B6200368ABD /* MVCProfileViewControllerTests.swift */ = {isa = PBXFileReference; lastKnownFileType = sourcecode.swift; path = MVCProfileViewControllerTests.swift; sourceTree = "<group>"; };
		F0346F6F242D4BA700368ABD /* ProfileViewModel.swift */ = {isa = PBXFileReference; lastKnownFileType = sourcecode.swift; path = ProfileViewModel.swift; sourceTree = "<group>"; };
		F0346F71242D4BDF00368ABD /* MVVMProfileViewController.swift */ = {isa = PBXFileReference; lastKnownFileType = sourcecode.swift; path = MVVMProfileViewController.swift; sourceTree = "<group>"; };
		F0346F73242D4C0C00368ABD /* MVVMProfileCoordinator.swift */ = {isa = PBXFileReference; lastKnownFileType = sourcecode.swift; path = MVVMProfileCoordinator.swift; sourceTree = "<group>"; };
		F0346F75242D4C6D00368ABD /* MVCProfileCoordinator.swift */ = {isa = PBXFileReference; lastKnownFileType = sourcecode.swift; path = MVCProfileCoordinator.swift; sourceTree = "<group>"; };
		F0346F77242D4C9F00368ABD /* MVCProfileViewController.swift */ = {isa = PBXFileReference; lastKnownFileType = sourcecode.swift; path = MVCProfileViewController.swift; sourceTree = "<group>"; };
		F0353E84242619E800AEB067 /* MVVMAppCoordinatorTests.swift */ = {isa = PBXFileReference; fileEncoding = 4; lastKnownFileType = sourcecode.swift; path = MVVMAppCoordinatorTests.swift; sourceTree = "<group>"; };
		F0353E8824261A8C00AEB067 /* Coordinator.swift */ = {isa = PBXFileReference; fileEncoding = 4; lastKnownFileType = sourcecode.swift; path = Coordinator.swift; sourceTree = "<group>"; };
		F0353E8A24261A9D00AEB067 /* MVVMAppCoordinator.swift */ = {isa = PBXFileReference; lastKnownFileType = sourcecode.swift; path = MVVMAppCoordinator.swift; sourceTree = "<group>"; };
		F05E8E61242809B0007314BD /* UIViewController+UIWindow.swift */ = {isa = PBXFileReference; lastKnownFileType = sourcecode.swift; path = "UIViewController+UIWindow.swift"; sourceTree = "<group>"; };
		F05ED8A82438BB4900836D8A /* UserDataCacheMock.swift */ = {isa = PBXFileReference; lastKnownFileType = sourcecode.swift; path = UserDataCacheMock.swift; sourceTree = "<group>"; };
		F0610F0A2447923C00C58740 /* CalendarEvent.swift */ = {isa = PBXFileReference; lastKnownFileType = sourcecode.swift; path = CalendarEvent.swift; sourceTree = "<group>"; };
		F063CC992433A5F0000227C8 /* AddUserCell.swift */ = {isa = PBXFileReference; lastKnownFileType = sourcecode.swift; path = AddUserCell.swift; sourceTree = "<group>"; };
		F063CC9B2433B4E8000227C8 /* UserDataCache.swift */ = {isa = PBXFileReference; lastKnownFileType = sourcecode.swift; path = UserDataCache.swift; sourceTree = "<group>"; };
		F065399C242BBC5A00AF4E0F /* UserRealm.swift */ = {isa = PBXFileReference; lastKnownFileType = sourcecode.swift; path = UserRealm.swift; sourceTree = "<group>"; };
		F0685D6A2426708D00F900CF /* MVVMSignInCoordinatorTests.swift */ = {isa = PBXFileReference; lastKnownFileType = sourcecode.swift; path = MVVMSignInCoordinatorTests.swift; sourceTree = "<group>"; };
		F0685D6C242671CB00F900CF /* MVVMSignInCoordinator.swift */ = {isa = PBXFileReference; lastKnownFileType = sourcecode.swift; path = MVVMSignInCoordinator.swift; sourceTree = "<group>"; };
		F0699848242BBD8E00A0E30D /* Context.swift */ = {isa = PBXFileReference; lastKnownFileType = sourcecode.swift; path = Context.swift; sourceTree = "<group>"; };
		F069984B242BBE4900A0E30D /* RealmProvider.swift */ = {isa = PBXFileReference; lastKnownFileType = sourcecode.swift; path = RealmProvider.swift; sourceTree = "<group>"; };
		F069984D242BC2DD00A0E30D /* AppErrors.swift */ = {isa = PBXFileReference; lastKnownFileType = sourcecode.swift; path = AppErrors.swift; sourceTree = "<group>"; };
		F069984F242BC89600A0E30D /* ContextBuilder.swift */ = {isa = PBXFileReference; lastKnownFileType = sourcecode.swift; path = ContextBuilder.swift; sourceTree = "<group>"; };
		F0699854242BC97B00A0E30D /* RealmProviderMock.swift */ = {isa = PBXFileReference; lastKnownFileType = sourcecode.swift; path = RealmProviderMock.swift; sourceTree = "<group>"; };
		F074A6E4242414080088D4F3 /* MasterDegreeApplication.app */ = {isa = PBXFileReference; explicitFileType = wrapper.application; includeInIndex = 0; path = MasterDegreeApplication.app; sourceTree = BUILT_PRODUCTS_DIR; };
		F074A6E7242414080088D4F3 /* AppDelegate.swift */ = {isa = PBXFileReference; lastKnownFileType = sourcecode.swift; path = AppDelegate.swift; sourceTree = "<group>"; };
		F074A6E9242414080088D4F3 /* SceneDelegate.swift */ = {isa = PBXFileReference; lastKnownFileType = sourcecode.swift; path = SceneDelegate.swift; sourceTree = "<group>"; };
		F074A6ED2424140A0088D4F3 /* Assets.xcassets */ = {isa = PBXFileReference; lastKnownFileType = folder.assetcatalog; path = Assets.xcassets; sourceTree = "<group>"; };
		F074A6F32424140A0088D4F3 /* Base */ = {isa = PBXFileReference; lastKnownFileType = file.storyboard; name = Base; path = Base.lproj/LaunchScreen.storyboard; sourceTree = "<group>"; };
		F074A6F52424140A0088D4F3 /* Info.plist */ = {isa = PBXFileReference; lastKnownFileType = text.plist.xml; path = Info.plist; sourceTree = "<group>"; };
		F074A6FA2424140A0088D4F3 /* MasterDegreeApplicationTests.xctest */ = {isa = PBXFileReference; explicitFileType = wrapper.cfbundle; includeInIndex = 0; path = MasterDegreeApplicationTests.xctest; sourceTree = BUILT_PRODUCTS_DIR; };
		F074A7002424140A0088D4F3 /* Info.plist */ = {isa = PBXFileReference; lastKnownFileType = text.plist.xml; path = Info.plist; sourceTree = "<group>"; };
		F074A70A242418110088D4F3 /* MVVMSignInViewController.swift */ = {isa = PBXFileReference; lastKnownFileType = sourcecode.swift; path = MVVMSignInViewController.swift; sourceTree = "<group>"; };
		F074A71124241D290088D4F3 /* Base */ = {isa = PBXFileReference; lastKnownFileType = text.plist.strings; name = Base; path = Base.lproj/Localizable.strings; sourceTree = "<group>"; };
		F09434672427844A007898C8 /* AppArchitecture.swift */ = {isa = PBXFileReference; lastKnownFileType = sourcecode.swift; path = AppArchitecture.swift; sourceTree = "<group>"; };
		F0943469242784E3007898C8 /* MVCAppCoordinatorTests.swift */ = {isa = PBXFileReference; lastKnownFileType = sourcecode.swift; path = MVCAppCoordinatorTests.swift; sourceTree = "<group>"; };
		F094346D24278546007898C8 /* MVCAppCoordinator.swift */ = {isa = PBXFileReference; lastKnownFileType = sourcecode.swift; path = MVCAppCoordinator.swift; sourceTree = "<group>"; };
		F0943471242785BF007898C8 /* MVCSignInCoordinatorTests.swift */ = {isa = PBXFileReference; lastKnownFileType = sourcecode.swift; path = MVCSignInCoordinatorTests.swift; sourceTree = "<group>"; };
		F0943473242785E5007898C8 /* MVCSignInCoordinator.swift */ = {isa = PBXFileReference; lastKnownFileType = sourcecode.swift; path = MVCSignInCoordinator.swift; sourceTree = "<group>"; };
		F09434752427861D007898C8 /* MVCSignInViewControllerTests.swift */ = {isa = PBXFileReference; lastKnownFileType = sourcecode.swift; path = MVCSignInViewControllerTests.swift; sourceTree = "<group>"; };
		F094347824278659007898C8 /* MVCSignInViewController.swift */ = {isa = PBXFileReference; lastKnownFileType = sourcecode.swift; path = MVCSignInViewController.swift; sourceTree = "<group>"; };
		F094347B242786F8007898C8 /* SelectedArchitecture.swift */ = {isa = PBXFileReference; lastKnownFileType = sourcecode.swift; path = SelectedArchitecture.swift; sourceTree = "<group>"; };
		F094347D242787D0007898C8 /* SignInViewControllerDelegate.swift */ = {isa = PBXFileReference; lastKnownFileType = sourcecode.swift; path = SignInViewControllerDelegate.swift; sourceTree = "<group>"; };
		F094348024278CAF007898C8 /* MVVMSignUpViewController.swift */ = {isa = PBXFileReference; lastKnownFileType = sourcecode.swift; path = MVVMSignUpViewController.swift; sourceTree = "<group>"; };
		F095A336242691C400D51976 /* SignInViewModel.swift */ = {isa = PBXFileReference; lastKnownFileType = sourcecode.swift; path = SignInViewModel.swift; sourceTree = "<group>"; };
		F095A339242692D500D51976 /* ViewModel.swift */ = {isa = PBXFileReference; lastKnownFileType = sourcecode.swift; path = ViewModel.swift; sourceTree = "<group>"; };
		F095A33D2426937D00D51976 /* MVVMSignInViewControllerTests.swift */ = {isa = PBXFileReference; lastKnownFileType = sourcecode.swift; path = MVVMSignInViewControllerTests.swift; sourceTree = "<group>"; };
		F095A3402426984600D51976 /* Array+UIView.swift */ = {isa = PBXFileReference; lastKnownFileType = sourcecode.swift; path = "Array+UIView.swift"; sourceTree = "<group>"; };
		F095A343242699DE00D51976 /* UIColor+AppColors.swift */ = {isa = PBXFileReference; lastKnownFileType = sourcecode.swift; path = "UIColor+AppColors.swift"; sourceTree = "<group>"; };
		F095A34524269EA900D51976 /* strings.swift */ = {isa = PBXFileReference; fileEncoding = 4; lastKnownFileType = sourcecode.swift; path = strings.swift; sourceTree = "<group>"; };
		F095A34624269EA900D51976 /* assets-images.swift */ = {isa = PBXFileReference; fileEncoding = 4; lastKnownFileType = sourcecode.swift; path = "assets-images.swift"; sourceTree = "<group>"; };
		F0B419B9244473E00042B1E7 /* CalendarViewControllerDelegate.swift */ = {isa = PBXFileReference; lastKnownFileType = sourcecode.swift; path = CalendarViewControllerDelegate.swift; sourceTree = "<group>"; };
		F0B419BB244474330042B1E7 /* CreateEventViewModel.swift */ = {isa = PBXFileReference; lastKnownFileType = sourcecode.swift; path = CreateEventViewModel.swift; sourceTree = "<group>"; };
		F0B419BD244474890042B1E7 /* MVVMCreateEventViewController.swift */ = {isa = PBXFileReference; lastKnownFileType = sourcecode.swift; path = MVVMCreateEventViewController.swift; sourceTree = "<group>"; };
		F0B419BF244474C10042B1E7 /* CreateEventViewControllerDelegate.swift */ = {isa = PBXFileReference; lastKnownFileType = sourcecode.swift; path = CreateEventViewControllerDelegate.swift; sourceTree = "<group>"; };
		F0D0C7172429245900A75D43 /* User.swift */ = {isa = PBXFileReference; lastKnownFileType = sourcecode.swift; path = User.swift; sourceTree = "<group>"; };
		F0D0C719242926DF00A75D43 /* SignUpViewModelTests.swift */ = {isa = PBXFileReference; lastKnownFileType = sourcecode.swift; path = SignUpViewModelTests.swift; sourceTree = "<group>"; };
		F0E73C15242F7E97006CD134 /* UsersViewControllerDelegate.swift */ = {isa = PBXFileReference; lastKnownFileType = sourcecode.swift; path = UsersViewControllerDelegate.swift; sourceTree = "<group>"; };
		F0E73C17242F8540006CD134 /* MVVMAddUserViewControllerTests.swift */ = {isa = PBXFileReference; lastKnownFileType = sourcecode.swift; path = MVVMAddUserViewControllerTests.swift; sourceTree = "<group>"; };
		F0E73C19242F858E006CD134 /* AddUserViewModelTests.swift */ = {isa = PBXFileReference; lastKnownFileType = sourcecode.swift; path = AddUserViewModelTests.swift; sourceTree = "<group>"; };
		F0E73C1B242F85D4006CD134 /* MVVMAddUserViewController.swift */ = {isa = PBXFileReference; lastKnownFileType = sourcecode.swift; path = MVVMAddUserViewController.swift; sourceTree = "<group>"; };
		F0E73C1D242F8601006CD134 /* AddUserViewModel.swift */ = {isa = PBXFileReference; lastKnownFileType = sourcecode.swift; path = AddUserViewModel.swift; sourceTree = "<group>"; };
		F0E73C1F242F88FE006CD134 /* AddUserViewControllerDelegate.swift */ = {isa = PBXFileReference; lastKnownFileType = sourcecode.swift; path = AddUserViewControllerDelegate.swift; sourceTree = "<group>"; };
		F0E73C21242F8A60006CD134 /* MVCAddUserViewControllerTests.swift */ = {isa = PBXFileReference; lastKnownFileType = sourcecode.swift; path = MVCAddUserViewControllerTests.swift; sourceTree = "<group>"; };
		F0E73C23242F8A93006CD134 /* MVCAddUserViewController.swift */ = {isa = PBXFileReference; lastKnownFileType = sourcecode.swift; path = MVCAddUserViewController.swift; sourceTree = "<group>"; };
		F0E73C27242FA649006CD134 /* UserMocks.swift */ = {isa = PBXFileReference; lastKnownFileType = sourcecode.swift; path = UserMocks.swift; sourceTree = "<group>"; };
		F0F6643324277AD400FC0A3B /* AppCoordinator.swift */ = {isa = PBXFileReference; lastKnownFileType = sourcecode.swift; path = AppCoordinator.swift; sourceTree = "<group>"; };
/* End PBXFileReference section */

/* Begin PBXFrameworksBuildPhase section */
		F074A6E1242414080088D4F3 /* Frameworks */ = {
			isa = PBXFrameworksBuildPhase;
			buildActionMask = 2147483647;
			files = (
				56A8AE396F469E1EDE5E3B7C /* Pods_MasterDegreeApplication.framework in Frameworks */,
			);
			runOnlyForDeploymentPostprocessing = 0;
		};
		F074A6F72424140A0088D4F3 /* Frameworks */ = {
			isa = PBXFrameworksBuildPhase;
			buildActionMask = 2147483647;
			files = (
				18ABAB6A29306368D37953AD /* Pods_MasterDegreeApplicationTests.framework in Frameworks */,
			);
			runOnlyForDeploymentPostprocessing = 0;
		};
/* End PBXFrameworksBuildPhase section */

/* Begin PBXGroup section */
		0C43C5EDB653BFABBD3CBF2A /* Pods */ = {
			isa = PBXGroup;
			children = (
				3721CD806E3074E3328E2380 /* Pods-MasterDegreeApplication.debug.xcconfig */,
				A1E26A0F38A8CA2E6FD4E21F /* Pods-MasterDegreeApplication.release.xcconfig */,
				10756FAABFB9A6C2F94750BA /* Pods-MasterDegreeApplicationTests.debug.xcconfig */,
				ADF185C5968799BB091D8379 /* Pods-MasterDegreeApplicationTests.release.xcconfig */,
			);
			path = Pods;
			sourceTree = "<group>";
		};
		8DBD0B703AA0D6F4B98B7ACF /* Frameworks */ = {
			isa = PBXGroup;
			children = (
				1AE39AAC5F240C8FD77A59D7 /* Pods_MasterDegreeApplication.framework */,
				978FBAD6E4A116CEC4EA9237 /* Pods_MasterDegreeApplicationTests.framework */,
			);
			name = Frameworks;
			sourceTree = "<group>";
		};
		F0125423242919B500B90B6D /* Views */ = {
			isa = PBXGroup;
			children = (
				F01254212429193200B90B6D /* BorderedTextField.swift */,
				F0125424242919C900B90B6D /* RoundedGrayButton.swift */,
				F063CC992433A5F0000227C8 /* AddUserCell.swift */,
			);
			path = Views;
			sourceTree = "<group>";
		};
		F012542E2429215300B90B6D /* Helpers */ = {
			isa = PBXGroup;
			children = (
				F012542C2429214F00B90B6D /* ValidatorTests.swift */,
			);
			path = Helpers;
			sourceTree = "<group>";
		};
		F0125431242923A800B90B6D /* Models */ = {
			isa = PBXGroup;
			children = (
				F012542F2429238F00B90B6D /* UserTests.swift */,
			);
			path = Models;
			sourceTree = "<group>";
		};
		F0353E8724261A8C00AEB067 /* Coordinators */ = {
			isa = PBXGroup;
			children = (
				F0353E8A24261A9D00AEB067 /* MVVMAppCoordinator.swift */,
				F0685D6C242671CB00F900CF /* MVVMSignInCoordinator.swift */,
				F0346F31242D297600368ABD /* MVVMMainTabbarCoordinator.swift */,
				F0346F4B242D411200368ABD /* MVVMUsersCoordinator.swift */,
				F0346F5F242D48EA00368ABD /* MVVMCalendarCoordinator.swift */,
				F0346F73242D4C0C00368ABD /* MVVMProfileCoordinator.swift */,
			);
			path = Coordinators;
			sourceTree = "<group>";
		};
		F0559BE2242422020013DA08 /* Generated */ = {
			isa = PBXGroup;
			children = (
				F095A34624269EA900D51976 /* assets-images.swift */,
				F095A34524269EA900D51976 /* strings.swift */,
			);
			path = Generated;
			sourceTree = "<group>";
		};
		F05ED8AA2438BB5B00836D8A /* Context */ = {
			isa = PBXGroup;
			children = (
				F0699854242BC97B00A0E30D /* RealmProviderMock.swift */,
				F0346F4F242D44B900368ABD /* KeychainProviderMock.swift */,
				F05ED8A82438BB4900836D8A /* UserDataCacheMock.swift */,
			);
			path = Context;
			sourceTree = "<group>";
		};
		F05ED8AB2438BB6500836D8A /* Models */ = {
			isa = PBXGroup;
			children = (
				F0E73C27242FA649006CD134 /* UserMocks.swift */,
			);
			path = Models;
			sourceTree = "<group>";
		};
		F065399A242BBC2A00AF4E0F /* Models */ = {
			isa = PBXGroup;
			children = (
				F0D0C7172429245900A75D43 /* User.swift */,
				F0610F0A2447923C00C58740 /* CalendarEvent.swift */,
				F065399E242BBC8200AF4E0F /* RealmModels */,
			);
			path = Models;
			sourceTree = "<group>";
		};
		F065399B242BBC3800AF4E0F /* Helpers */ = {
			isa = PBXGroup;
			children = (
				F012542A2429203F00B90B6D /* Validator.swift */,
			);
			path = Helpers;
			sourceTree = "<group>";
		};
		F065399E242BBC8200AF4E0F /* RealmModels */ = {
			isa = PBXGroup;
			children = (
				F065399C242BBC5A00AF4E0F /* UserRealm.swift */,
			);
			path = RealmModels;
			sourceTree = "<group>";
		};
		F069984A242BBDBD00A0E30D /* Context */ = {
			isa = PBXGroup;
			children = (
				F0699848242BBD8E00A0E30D /* Context.swift */,
				F063CC9B2433B4E8000227C8 /* UserDataCache.swift */,
				F069984B242BBE4900A0E30D /* RealmProvider.swift */,
				F0346F35242D2B1D00368ABD /* KeychainProvider.swift */,
			);
			path = Context;
			sourceTree = "<group>";
		};
		F0699851242BC94300A0E30D /* Helpers */ = {
			isa = PBXGroup;
			children = (
				F0699856242BC99600A0E30D /* Mocks */,
				F0699853242BC95000A0E30D /* Extensions */,
				F0699852242BC94A00A0E30D /* Builders */,
			);
			path = Helpers;
			sourceTree = "<group>";
		};
		F0699852242BC94A00A0E30D /* Builders */ = {
			isa = PBXGroup;
			children = (
				F069984F242BC89600A0E30D /* ContextBuilder.swift */,
			);
			path = Builders;
			sourceTree = "<group>";
		};
		F0699853242BC95000A0E30D /* Extensions */ = {
			isa = PBXGroup;
			children = (
				F05E8E61242809B0007314BD /* UIViewController+UIWindow.swift */,
			);
			path = Extensions;
			sourceTree = "<group>";
		};
		F0699856242BC99600A0E30D /* Mocks */ = {
			isa = PBXGroup;
			children = (
				F05ED8AA2438BB5B00836D8A /* Context */,
				F05ED8AB2438BB6500836D8A /* Models */,
			);
			path = Mocks;
			sourceTree = "<group>";
		};
		F074A6DB242414080088D4F3 = {
			isa = PBXGroup;
			children = (
				F074A6E6242414080088D4F3 /* MasterDegreeApplication */,
				F074A6FD2424140A0088D4F3 /* MasterDegreeApplicationTests */,
				F074A6E5242414080088D4F3 /* Products */,
				0C43C5EDB653BFABBD3CBF2A /* Pods */,
				8DBD0B703AA0D6F4B98B7ACF /* Frameworks */,
			);
			sourceTree = "<group>";
		};
		F074A6E5242414080088D4F3 /* Products */ = {
			isa = PBXGroup;
			children = (
				F074A6E4242414080088D4F3 /* MasterDegreeApplication.app */,
				F074A6FA2424140A0088D4F3 /* MasterDegreeApplicationTests.xctest */,
			);
			name = Products;
			sourceTree = "<group>";
		};
		F074A6E6242414080088D4F3 /* MasterDegreeApplication */ = {
			isa = PBXGroup;
			children = (
				F0943466242783C4007898C8 /* Common */,
				F095A33B2426931600D51976 /* MVVM */,
				F094347024278550007898C8 /* MVC */,
			);
			path = MasterDegreeApplication;
			sourceTree = "<group>";
		};
		F074A6FD2424140A0088D4F3 /* MasterDegreeApplicationTests */ = {
			isa = PBXGroup;
			children = (
				F0A2D2EB2426129100FF92D6 /* TestCases */,
				F0699851242BC94300A0E30D /* Helpers */,
				F074A7002424140A0088D4F3 /* Info.plist */,
			);
			path = MasterDegreeApplicationTests;
			sourceTree = "<group>";
		};
		F074A709242417DF0088D4F3 /* Resources */ = {
			isa = PBXGroup;
			children = (
				F074A71024241D290088D4F3 /* Localizable.strings */,
				F074A6E7242414080088D4F3 /* AppDelegate.swift */,
				F074A6E9242414080088D4F3 /* SceneDelegate.swift */,
				F074A6ED2424140A0088D4F3 /* Assets.xcassets */,
				F074A6F22424140A0088D4F3 /* LaunchScreen.storyboard */,
				F074A6F52424140A0088D4F3 /* Info.plist */,
				F09434672427844A007898C8 /* AppArchitecture.swift */,
				F094347B242786F8007898C8 /* SelectedArchitecture.swift */,
			);
			path = Resources;
			sourceTree = "<group>";
		};
		F074A70C2424183D0088D4F3 /* ViewControllers */ = {
			isa = PBXGroup;
			children = (
				F074A70A242418110088D4F3 /* MVVMSignInViewController.swift */,
				F094348024278CAF007898C8 /* MVVMSignUpViewController.swift */,
				F0346F47242D406000368ABD /* MVVMUsersViewController.swift */,
				F0346F5D242D48AF00368ABD /* MVVMCalendarViewController.swift */,
				F0346F71242D4BDF00368ABD /* MVVMProfileViewController.swift */,
				F0E73C1B242F85D4006CD134 /* MVVMAddUserViewController.swift */,
				F0B419BD244474890042B1E7 /* MVVMCreateEventViewController.swift */,
			);
			path = ViewControllers;
			sourceTree = "<group>";
		};
		F0943466242783C4007898C8 /* Common */ = {
			isa = PBXGroup;
			children = (
				F069984A242BBDBD00A0E30D /* Context */,
				F0F6643524277ADA00FC0A3B /* Coordinator */,
				F094347F242787D5007898C8 /* Delegates */,
				F0125423242919B500B90B6D /* Views */,
				F095A342242699C600D51976 /* Extensions */,
				F065399A242BBC2A00AF4E0F /* Models */,
				F074A709242417DF0088D4F3 /* Resources */,
				F0559BE2242422020013DA08 /* Generated */,
				F065399B242BBC3800AF4E0F /* Helpers */,
				F069984D242BC2DD00A0E30D /* AppErrors.swift */,
			);
			path = Common;
			sourceTree = "<group>";
		};
		F094346B242784E9007898C8 /* CoordinatorTestCases */ = {
			isa = PBXGroup;
			children = (
				F0943469242784E3007898C8 /* MVCAppCoordinatorTests.swift */,
				F0943471242785BF007898C8 /* MVCSignInCoordinatorTests.swift */,
				F0346F37242D307A00368ABD /* MVCMainTabbarCoordinatorTests.swift */,
				F0346F3D242D3F0100368ABD /* MVCUsersCoordinatorTests.swift */,
				F0346F57242D481B00368ABD /* MVCCalendarCoordinatorTests.swift */,
				F0346F6B242D4B3800368ABD /* MVCProfileCoordinatorTests.swift */,
			);
			path = CoordinatorTestCases;
			sourceTree = "<group>";
		};
		F094346C242784F6007898C8 /* MVC */ = {
			isa = PBXGroup;
			children = (
				F094346B242784E9007898C8 /* CoordinatorTestCases */,
				F094347724278622007898C8 /* ViewControllerTests */,
			);
			path = MVC;
			sourceTree = "<group>";
		};
		F094346F2427854B007898C8 /* Coordinators */ = {
			isa = PBXGroup;
			children = (
				F094346D24278546007898C8 /* MVCAppCoordinator.swift */,
				F0943473242785E5007898C8 /* MVCSignInCoordinator.swift */,
				F0346F39242D30B800368ABD /* MVCMainTabbarCoordinator.swift */,
				F0346F4D242D421100368ABD /* MVCUsersCoordinator.swift */,
				F0346F61242D496100368ABD /* MVCCalendarCoordinator.swift */,
				F0346F75242D4C6D00368ABD /* MVCProfileCoordinator.swift */,
			);
			path = Coordinators;
			sourceTree = "<group>";
		};
		F094347024278550007898C8 /* MVC */ = {
			isa = PBXGroup;
			children = (
				F094346F2427854B007898C8 /* Coordinators */,
				F094347A2427865C007898C8 /* ViewControllers */,
			);
			path = MVC;
			sourceTree = "<group>";
		};
		F094347724278622007898C8 /* ViewControllerTests */ = {
			isa = PBXGroup;
			children = (
				F09434752427861D007898C8 /* MVCSignInViewControllerTests.swift */,
				F012542624291ED400B90B6D /* MVCSignUpViewControllerTests.swift */,
				F0346F41242D3F8500368ABD /* MVCUsersViewControllerTests.swift */,
				F0346F59242D484200368ABD /* MVCCalendarViewControllerTests.swift */,
				F0346F6D242D4B6200368ABD /* MVCProfileViewControllerTests.swift */,
				F0E73C21242F8A60006CD134 /* MVCAddUserViewControllerTests.swift */,
			);
			path = ViewControllerTests;
			sourceTree = "<group>";
		};
		F094347A2427865C007898C8 /* ViewControllers */ = {
			isa = PBXGroup;
			children = (
				F094347824278659007898C8 /* MVCSignInViewController.swift */,
				F012542824291EF800B90B6D /* MVCSignUpViewController.swift */,
				F0346F49242D40CA00368ABD /* MVCUsersViewController.swift */,
				F0346F63242D499000368ABD /* MVCCalendarViewController.swift */,
				F0346F77242D4C9F00368ABD /* MVCProfileViewController.swift */,
				F0E73C23242F8A93006CD134 /* MVCAddUserViewController.swift */,
			);
			path = ViewControllers;
			sourceTree = "<group>";
		};
		F094347F242787D5007898C8 /* Delegates */ = {
			isa = PBXGroup;
			children = (
				F094347D242787D0007898C8 /* SignInViewControllerDelegate.swift */,
				F012541F2429168500B90B6D /* SignUpViewControllerDelegate.swift */,
				F0E73C15242F7E97006CD134 /* UsersViewControllerDelegate.swift */,
				F0E73C1F242F88FE006CD134 /* AddUserViewControllerDelegate.swift */,
				F0B419B9244473E00042B1E7 /* CalendarViewControllerDelegate.swift */,
				F0B419BF244474C10042B1E7 /* CreateEventViewControllerDelegate.swift */,
			);
			path = Delegates;
			sourceTree = "<group>";
		};
		F095A338242692CD00D51976 /* ViewModels */ = {
			isa = PBXGroup;
			children = (
				F095A339242692D500D51976 /* ViewModel.swift */,
				F095A336242691C400D51976 /* SignInViewModel.swift */,
				F012541D2429159B00B90B6D /* SignUpViewModel.swift */,
				F0346F45242D401300368ABD /* UsersViewModel.swift */,
				F0346F5B242D487D00368ABD /* CalendarViewModel.swift */,
				F0346F6F242D4BA700368ABD /* ProfileViewModel.swift */,
				F0E73C1D242F8601006CD134 /* AddUserViewModel.swift */,
				F0B419BB244474330042B1E7 /* CreateEventViewModel.swift */,
			);
			path = ViewModels;
			sourceTree = "<group>";
		};
		F095A33B2426931600D51976 /* MVVM */ = {
			isa = PBXGroup;
			children = (
				F0353E8724261A8C00AEB067 /* Coordinators */,
				F074A70C2424183D0088D4F3 /* ViewControllers */,
				F095A338242692CD00D51976 /* ViewModels */,
			);
			path = MVVM;
			sourceTree = "<group>";
		};
		F095A33C2426935600D51976 /* MVVM */ = {
			isa = PBXGroup;
			children = (
				F0A2D2EC2426129100FF92D6 /* CoordinatorTestCases */,
				F095A33F2426938100D51976 /* ViewControllerTests */,
				F0D0C71B242926F400A75D43 /* ViewModels */,
			);
			path = MVVM;
			sourceTree = "<group>";
		};
		F095A33F2426938100D51976 /* ViewControllerTests */ = {
			isa = PBXGroup;
			children = (
				F095A33D2426937D00D51976 /* MVVMSignInViewControllerTests.swift */,
				F012541B2429154F00B90B6D /* MVVMSignUpViewControllerTests.swift */,
				F0346F3F242D3F4900368ABD /* MVVMUsersViewControllerTests.swift */,
				F0346F53242D47B800368ABD /* MVVMCalendarViewControllerTests.swift */,
				F0346F67242D4AF100368ABD /* MVVMProfileViewControllerTests.swift */,
				F0E73C17242F8540006CD134 /* MVVMAddUserViewControllerTests.swift */,
			);
			path = ViewControllerTests;
			sourceTree = "<group>";
		};
		F095A342242699C600D51976 /* Extensions */ = {
			isa = PBXGroup;
			children = (
				F095A3402426984600D51976 /* Array+UIView.swift */,
				F095A343242699DE00D51976 /* UIColor+AppColors.swift */,
			);
			path = Extensions;
			sourceTree = "<group>";
		};
		F0A2D2EB2426129100FF92D6 /* TestCases */ = {
			isa = PBXGroup;
			children = (
				F0125431242923A800B90B6D /* Models */,
				F012542E2429215300B90B6D /* Helpers */,
				F095A33C2426935600D51976 /* MVVM */,
				F094346C242784F6007898C8 /* MVC */,
			);
			path = TestCases;
			sourceTree = "<group>";
		};
		F0A2D2EC2426129100FF92D6 /* CoordinatorTestCases */ = {
			isa = PBXGroup;
			children = (
				F0353E84242619E800AEB067 /* MVVMAppCoordinatorTests.swift */,
				F0685D6A2426708D00F900CF /* MVVMSignInCoordinatorTests.swift */,
				F0346F2F242D28F100368ABD /* MVVMMainTabbarCoordinatorTests.swift */,
				F0346F3B242D3E8900368ABD /* MVVMUsersCoordinatorTests.swift */,
				F0346F51242D478C00368ABD /* MVVMCalendarCoordinatorTests.swift */,
				F0346F65242D4AC400368ABD /* MVVMProfileCoordinatorTests.swift */,
			);
			path = CoordinatorTestCases;
			sourceTree = "<group>";
		};
		F0D0C71B242926F400A75D43 /* ViewModels */ = {
			isa = PBXGroup;
			children = (
				F0D0C719242926DF00A75D43 /* SignUpViewModelTests.swift */,
				F0346F43242D3FB500368ABD /* UsersViewModelTests.swift */,
				F0346F55242D47E100368ABD /* CalendarViewModelTests.swift */,
				F0346F69242D4B1300368ABD /* ProfileViewModelTests.swift */,
				F0E73C19242F858E006CD134 /* AddUserViewModelTests.swift */,
			);
			path = ViewModels;
			sourceTree = "<group>";
		};
		F0F6643524277ADA00FC0A3B /* Coordinator */ = {
			isa = PBXGroup;
			children = (
				F0353E8824261A8C00AEB067 /* Coordinator.swift */,
				F0F6643324277AD400FC0A3B /* AppCoordinator.swift */,
			);
			path = Coordinator;
			sourceTree = "<group>";
		};
/* End PBXGroup section */

/* Begin PBXNativeTarget section */
		F074A6E3242414080088D4F3 /* MasterDegreeApplication */ = {
			isa = PBXNativeTarget;
			buildConfigurationList = F074A7032424140A0088D4F3 /* Build configuration list for PBXNativeTarget "MasterDegreeApplication" */;
			buildPhases = (
				E575FED3E5EB56F47C20AD01 /* [CP] Check Pods Manifest.lock */,
				F074A6E0242414080088D4F3 /* Sources */,
				F074A6E1242414080088D4F3 /* Frameworks */,
				F074A6E2242414080088D4F3 /* Resources */,
				F074A70D24241BA50088D4F3 /* Swiftlint */,
				8449FFA23E0464E05A17114E /* [CP] Embed Pods Frameworks */,
				F0559BE124241E3C0013DA08 /* Swiftgen */,
			);
			buildRules = (
			);
			dependencies = (
			);
			name = MasterDegreeApplication;
			productName = MasterDegreeApplication;
			productReference = F074A6E4242414080088D4F3 /* MasterDegreeApplication.app */;
			productType = "com.apple.product-type.application";
		};
		F074A6F92424140A0088D4F3 /* MasterDegreeApplicationTests */ = {
			isa = PBXNativeTarget;
			buildConfigurationList = F074A7062424140A0088D4F3 /* Build configuration list for PBXNativeTarget "MasterDegreeApplicationTests" */;
			buildPhases = (
				BDD2EE6947B84AC46FBB4D9C /* [CP] Check Pods Manifest.lock */,
				F074A6F62424140A0088D4F3 /* Sources */,
				F074A6F72424140A0088D4F3 /* Frameworks */,
				F074A6F82424140A0088D4F3 /* Resources */,
				6BDA3C6B522B55D7DC05E659 /* [CP] Embed Pods Frameworks */,
			);
			buildRules = (
			);
			dependencies = (
				F074A6FC2424140A0088D4F3 /* PBXTargetDependency */,
			);
			name = MasterDegreeApplicationTests;
			productName = MasterDegreeApplicationTests;
			productReference = F074A6FA2424140A0088D4F3 /* MasterDegreeApplicationTests.xctest */;
			productType = "com.apple.product-type.bundle.unit-test";
		};
/* End PBXNativeTarget section */

/* Begin PBXProject section */
		F074A6DC242414080088D4F3 /* Project object */ = {
			isa = PBXProject;
			attributes = {
				LastSwiftUpdateCheck = 1120;
				LastUpgradeCheck = 1120;
				ORGANIZATIONNAME = "Booyac IT";
				TargetAttributes = {
					F074A6E3242414080088D4F3 = {
						CreatedOnToolsVersion = 11.2.1;
					};
					F074A6F92424140A0088D4F3 = {
						CreatedOnToolsVersion = 11.2.1;
						TestTargetID = F074A6E3242414080088D4F3;
					};
				};
			};
			buildConfigurationList = F074A6DF242414080088D4F3 /* Build configuration list for PBXProject "MasterDegreeApplication" */;
			compatibilityVersion = "Xcode 9.3";
			developmentRegion = en;
			hasScannedForEncodings = 0;
			knownRegions = (
				en,
				Base,
			);
			mainGroup = F074A6DB242414080088D4F3;
			productRefGroup = F074A6E5242414080088D4F3 /* Products */;
			projectDirPath = "";
			projectRoot = "";
			targets = (
				F074A6E3242414080088D4F3 /* MasterDegreeApplication */,
				F074A6F92424140A0088D4F3 /* MasterDegreeApplicationTests */,
			);
		};
/* End PBXProject section */

/* Begin PBXResourcesBuildPhase section */
		F074A6E2242414080088D4F3 /* Resources */ = {
			isa = PBXResourcesBuildPhase;
			buildActionMask = 2147483647;
			files = (
				F074A6F42424140A0088D4F3 /* LaunchScreen.storyboard in Resources */,
				F074A71224241D290088D4F3 /* Localizable.strings in Resources */,
				F074A6EE2424140A0088D4F3 /* Assets.xcassets in Resources */,
			);
			runOnlyForDeploymentPostprocessing = 0;
		};
		F074A6F82424140A0088D4F3 /* Resources */ = {
			isa = PBXResourcesBuildPhase;
			buildActionMask = 2147483647;
			files = (
			);
			runOnlyForDeploymentPostprocessing = 0;
		};
/* End PBXResourcesBuildPhase section */

/* Begin PBXShellScriptBuildPhase section */
		6BDA3C6B522B55D7DC05E659 /* [CP] Embed Pods Frameworks */ = {
			isa = PBXShellScriptBuildPhase;
			buildActionMask = 2147483647;
			files = (
			);
			inputFileListPaths = (
				"${PODS_ROOT}/Target Support Files/Pods-MasterDegreeApplicationTests/Pods-MasterDegreeApplicationTests-frameworks-${CONFIGURATION}-input-files.xcfilelist",
			);
			name = "[CP] Embed Pods Frameworks";
			outputFileListPaths = (
				"${PODS_ROOT}/Target Support Files/Pods-MasterDegreeApplicationTests/Pods-MasterDegreeApplicationTests-frameworks-${CONFIGURATION}-output-files.xcfilelist",
			);
			runOnlyForDeploymentPostprocessing = 0;
			shellPath = /bin/sh;
			shellScript = "\"${PODS_ROOT}/Target Support Files/Pods-MasterDegreeApplicationTests/Pods-MasterDegreeApplicationTests-frameworks.sh\"\n";
			showEnvVarsInLog = 0;
		};
		8449FFA23E0464E05A17114E /* [CP] Embed Pods Frameworks */ = {
			isa = PBXShellScriptBuildPhase;
			buildActionMask = 2147483647;
			files = (
			);
			inputFileListPaths = (
				"${PODS_ROOT}/Target Support Files/Pods-MasterDegreeApplication/Pods-MasterDegreeApplication-frameworks-${CONFIGURATION}-input-files.xcfilelist",
			);
			name = "[CP] Embed Pods Frameworks";
			outputFileListPaths = (
				"${PODS_ROOT}/Target Support Files/Pods-MasterDegreeApplication/Pods-MasterDegreeApplication-frameworks-${CONFIGURATION}-output-files.xcfilelist",
			);
			runOnlyForDeploymentPostprocessing = 0;
			shellPath = /bin/sh;
			shellScript = "\"${PODS_ROOT}/Target Support Files/Pods-MasterDegreeApplication/Pods-MasterDegreeApplication-frameworks.sh\"\n";
			showEnvVarsInLog = 0;
		};
		BDD2EE6947B84AC46FBB4D9C /* [CP] Check Pods Manifest.lock */ = {
			isa = PBXShellScriptBuildPhase;
			buildActionMask = 2147483647;
			files = (
			);
			inputFileListPaths = (
			);
			inputPaths = (
				"${PODS_PODFILE_DIR_PATH}/Podfile.lock",
				"${PODS_ROOT}/Manifest.lock",
			);
			name = "[CP] Check Pods Manifest.lock";
			outputFileListPaths = (
			);
			outputPaths = (
				"$(DERIVED_FILE_DIR)/Pods-MasterDegreeApplicationTests-checkManifestLockResult.txt",
			);
			runOnlyForDeploymentPostprocessing = 0;
			shellPath = /bin/sh;
			shellScript = "diff \"${PODS_PODFILE_DIR_PATH}/Podfile.lock\" \"${PODS_ROOT}/Manifest.lock\" > /dev/null\nif [ $? != 0 ] ; then\n    # print error to STDERR\n    echo \"error: The sandbox is not in sync with the Podfile.lock. Run 'pod install' or update your CocoaPods installation.\" >&2\n    exit 1\nfi\n# This output is used by Xcode 'outputs' to avoid re-running this script phase.\necho \"SUCCESS\" > \"${SCRIPT_OUTPUT_FILE_0}\"\n";
			showEnvVarsInLog = 0;
		};
		E575FED3E5EB56F47C20AD01 /* [CP] Check Pods Manifest.lock */ = {
			isa = PBXShellScriptBuildPhase;
			buildActionMask = 2147483647;
			files = (
			);
			inputFileListPaths = (
			);
			inputPaths = (
				"${PODS_PODFILE_DIR_PATH}/Podfile.lock",
				"${PODS_ROOT}/Manifest.lock",
			);
			name = "[CP] Check Pods Manifest.lock";
			outputFileListPaths = (
			);
			outputPaths = (
				"$(DERIVED_FILE_DIR)/Pods-MasterDegreeApplication-checkManifestLockResult.txt",
			);
			runOnlyForDeploymentPostprocessing = 0;
			shellPath = /bin/sh;
			shellScript = "diff \"${PODS_PODFILE_DIR_PATH}/Podfile.lock\" \"${PODS_ROOT}/Manifest.lock\" > /dev/null\nif [ $? != 0 ] ; then\n    # print error to STDERR\n    echo \"error: The sandbox is not in sync with the Podfile.lock. Run 'pod install' or update your CocoaPods installation.\" >&2\n    exit 1\nfi\n# This output is used by Xcode 'outputs' to avoid re-running this script phase.\necho \"SUCCESS\" > \"${SCRIPT_OUTPUT_FILE_0}\"\n";
			showEnvVarsInLog = 0;
		};
		F0559BE124241E3C0013DA08 /* Swiftgen */ = {
			isa = PBXShellScriptBuildPhase;
			buildActionMask = 2147483647;
			files = (
			);
			inputFileListPaths = (
			);
			inputPaths = (
			);
			name = Swiftgen;
			outputFileListPaths = (
			);
			outputPaths = (
			);
			runOnlyForDeploymentPostprocessing = 0;
			shellPath = /bin/sh;
			shellScript = "${PODS_ROOT}/SwiftGen/bin/swiftgen config run\n";
		};
		F074A70D24241BA50088D4F3 /* Swiftlint */ = {
			isa = PBXShellScriptBuildPhase;
			buildActionMask = 2147483647;
			files = (
			);
			inputFileListPaths = (
			);
			inputPaths = (
			);
			name = Swiftlint;
			outputFileListPaths = (
			);
			outputPaths = (
			);
			runOnlyForDeploymentPostprocessing = 0;
			shellPath = /bin/sh;
			shellScript = "${PODS_ROOT}/SwiftLint/swiftlint\n";
		};
/* End PBXShellScriptBuildPhase section */

/* Begin PBXSourcesBuildPhase section */
		F074A6E0242414080088D4F3 /* Sources */ = {
			isa = PBXSourcesBuildPhase;
			buildActionMask = 2147483647;
			files = (
				F0346F62242D496100368ABD /* MVCCalendarCoordinator.swift in Sources */,
				F095A34824269EA900D51976 /* assets-images.swift in Sources */,
				F0610F0B2447923C00C58740 /* CalendarEvent.swift in Sources */,
				F0353E8924261A8C00AEB067 /* Coordinator.swift in Sources */,
				F0F6643424277AD400FC0A3B /* AppCoordinator.swift in Sources */,
				F0B419BE244474890042B1E7 /* MVVMCreateEventViewController.swift in Sources */,
				F095A344242699DE00D51976 /* UIColor+AppColors.swift in Sources */,
				F012542B2429203F00B90B6D /* Validator.swift in Sources */,
				F0E73C1C242F85D4006CD134 /* MVVMAddUserViewController.swift in Sources */,
				F0D0C7182429245900A75D43 /* User.swift in Sources */,
				F0699849242BBD8E00A0E30D /* Context.swift in Sources */,
				F0346F74242D4C0C00368ABD /* MVVMProfileCoordinator.swift in Sources */,
				F0346F72242D4BDF00368ABD /* MVVMProfileViewController.swift in Sources */,
				F094347E242787D0007898C8 /* SignInViewControllerDelegate.swift in Sources */,
				F0346F64242D499000368ABD /* MVCCalendarViewController.swift in Sources */,
				F095A3412426984600D51976 /* Array+UIView.swift in Sources */,
				F0E73C20242F88FE006CD134 /* AddUserViewControllerDelegate.swift in Sources */,
				F0346F5E242D48AF00368ABD /* MVVMCalendarViewController.swift in Sources */,
				F095A337242691C400D51976 /* SignInViewModel.swift in Sources */,
				F069984E242BC2DD00A0E30D /* AppErrors.swift in Sources */,
				F0346F60242D48EA00368ABD /* MVVMCalendarCoordinator.swift in Sources */,
				F074A6E8242414080088D4F3 /* AppDelegate.swift in Sources */,
				F0943474242785E5007898C8 /* MVCSignInCoordinator.swift in Sources */,
				F0346F4E242D421100368ABD /* MVCUsersCoordinator.swift in Sources */,
				F094346E24278546007898C8 /* MVCAppCoordinator.swift in Sources */,
				F063CC9A2433A5F0000227C8 /* AddUserCell.swift in Sources */,
				F0353E8B24261A9D00AEB067 /* MVVMAppCoordinator.swift in Sources */,
				F0B419C0244474C10042B1E7 /* CreateEventViewControllerDelegate.swift in Sources */,
				F0346F4C242D411200368ABD /* MVVMUsersCoordinator.swift in Sources */,
				F069984C242BBE4900A0E30D /* RealmProvider.swift in Sources */,
				F01254202429168500B90B6D /* SignUpViewControllerDelegate.swift in Sources */,
				F09434682427844A007898C8 /* AppArchitecture.swift in Sources */,
				F094348124278CAF007898C8 /* MVVMSignUpViewController.swift in Sources */,
				F0346F48242D406000368ABD /* MVVMUsersViewController.swift in Sources */,
				F012541E2429159B00B90B6D /* SignUpViewModel.swift in Sources */,
				F0B419BA244473E00042B1E7 /* CalendarViewControllerDelegate.swift in Sources */,
				F0B419BC244474330042B1E7 /* CreateEventViewModel.swift in Sources */,
				F074A6EA242414080088D4F3 /* SceneDelegate.swift in Sources */,
				F0346F5C242D487D00368ABD /* CalendarViewModel.swift in Sources */,
				F0346F32242D297600368ABD /* MVVMMainTabbarCoordinator.swift in Sources */,
				F063CC9C2433B4E8000227C8 /* UserDataCache.swift in Sources */,
				F0685D6D242671CB00F900CF /* MVVMSignInCoordinator.swift in Sources */,
				F0346F76242D4C6D00368ABD /* MVCProfileCoordinator.swift in Sources */,
				F0E73C16242F7E97006CD134 /* UsersViewControllerDelegate.swift in Sources */,
				F0125425242919C900B90B6D /* RoundedGrayButton.swift in Sources */,
				F012542924291EF800B90B6D /* MVCSignUpViewController.swift in Sources */,
				F095A33A242692D500D51976 /* ViewModel.swift in Sources */,
				F0346F3A242D30B800368ABD /* MVCMainTabbarCoordinator.swift in Sources */,
				F095A34724269EA900D51976 /* strings.swift in Sources */,
				F0E73C1E242F8601006CD134 /* AddUserViewModel.swift in Sources */,
				F0346F78242D4C9F00368ABD /* MVCProfileViewController.swift in Sources */,
				F0E73C24242F8A93006CD134 /* MVCAddUserViewController.swift in Sources */,
				F094347C242786F8007898C8 /* SelectedArchitecture.swift in Sources */,
				F0346F46242D401300368ABD /* UsersViewModel.swift in Sources */,
				F094347924278659007898C8 /* MVCSignInViewController.swift in Sources */,
				F0346F70242D4BA700368ABD /* ProfileViewModel.swift in Sources */,
				F0346F36242D2B1D00368ABD /* KeychainProvider.swift in Sources */,
				F0346F4A242D40CA00368ABD /* MVCUsersViewController.swift in Sources */,
				F074A70B242418110088D4F3 /* MVVMSignInViewController.swift in Sources */,
				F065399D242BBC5A00AF4E0F /* UserRealm.swift in Sources */,
				F01254222429193200B90B6D /* BorderedTextField.swift in Sources */,
			);
			runOnlyForDeploymentPostprocessing = 0;
		};
		F074A6F62424140A0088D4F3 /* Sources */ = {
			isa = PBXSourcesBuildPhase;
			buildActionMask = 2147483647;
			files = (
				F0346F3C242D3E8900368ABD /* MVVMUsersCoordinatorTests.swift in Sources */,
				F0346F44242D3FB500368ABD /* UsersViewModelTests.swift in Sources */,
				F0685D6B2426708D00F900CF /* MVVMSignInCoordinatorTests.swift in Sources */,
				F0346F5A242D484200368ABD /* MVCCalendarViewControllerTests.swift in Sources */,
				F094346A242784E3007898C8 /* MVCAppCoordinatorTests.swift in Sources */,
				F0D0C71A242926DF00A75D43 /* SignUpViewModelTests.swift in Sources */,
				F0346F30242D28F100368ABD /* MVVMMainTabbarCoordinatorTests.swift in Sources */,
				F0E73C1A242F858E006CD134 /* AddUserViewModelTests.swift in Sources */,
				F05ED8A92438BB4900836D8A /* UserDataCacheMock.swift in Sources */,
				F0699850242BC89600A0E30D /* ContextBuilder.swift in Sources */,
				F0346F42242D3F8500368ABD /* MVCUsersViewControllerTests.swift in Sources */,
				F012542D2429214F00B90B6D /* ValidatorTests.swift in Sources */,
				F0346F6A242D4B1300368ABD /* ProfileViewModelTests.swift in Sources */,
				F095A33E2426937D00D51976 /* MVVMSignInViewControllerTests.swift in Sources */,
				F0346F54242D47B800368ABD /* MVVMCalendarViewControllerTests.swift in Sources */,
				F05E8E62242809B0007314BD /* UIViewController+UIWindow.swift in Sources */,
				F0346F3E242D3F0100368ABD /* MVCUsersCoordinatorTests.swift in Sources */,
				F0346F68242D4AF100368ABD /* MVVMProfileViewControllerTests.swift in Sources */,
				F0346F58242D481B00368ABD /* MVCCalendarCoordinatorTests.swift in Sources */,
				F01254302429238F00B90B6D /* UserTests.swift in Sources */,
				F012542724291ED400B90B6D /* MVCSignUpViewControllerTests.swift in Sources */,
				F0346F56242D47E100368ABD /* CalendarViewModelTests.swift in Sources */,
				F0346F66242D4AC400368ABD /* MVVMProfileCoordinatorTests.swift in Sources */,
				F012541C2429154F00B90B6D /* MVVMSignUpViewControllerTests.swift in Sources */,
				F0E73C18242F8540006CD134 /* MVVMAddUserViewControllerTests.swift in Sources */,
				F0346F52242D478C00368ABD /* MVVMCalendarCoordinatorTests.swift in Sources */,
				F0346F6C242D4B3800368ABD /* MVCProfileCoordinatorTests.swift in Sources */,
				F0E73C28242FA649006CD134 /* UserMocks.swift in Sources */,
				F09434762427861D007898C8 /* MVCSignInViewControllerTests.swift in Sources */,
				F0346F38242D307A00368ABD /* MVCMainTabbarCoordinatorTests.swift in Sources */,
				F0346F40242D3F4900368ABD /* MVVMUsersViewControllerTests.swift in Sources */,
				F0346F50242D44B900368ABD /* KeychainProviderMock.swift in Sources */,
				F0E73C22242F8A60006CD134 /* MVCAddUserViewControllerTests.swift in Sources */,
				F0943472242785BF007898C8 /* MVCSignInCoordinatorTests.swift in Sources */,
				F0699855242BC97B00A0E30D /* RealmProviderMock.swift in Sources */,
				F0353E85242619E800AEB067 /* MVVMAppCoordinatorTests.swift in Sources */,
				F0346F6E242D4B6200368ABD /* MVCProfileViewControllerTests.swift in Sources */,
			);
			runOnlyForDeploymentPostprocessing = 0;
		};
/* End PBXSourcesBuildPhase section */

/* Begin PBXTargetDependency section */
		F074A6FC2424140A0088D4F3 /* PBXTargetDependency */ = {
			isa = PBXTargetDependency;
			target = F074A6E3242414080088D4F3 /* MasterDegreeApplication */;
			targetProxy = F074A6FB2424140A0088D4F3 /* PBXContainerItemProxy */;
		};
/* End PBXTargetDependency section */

/* Begin PBXVariantGroup section */
		F074A6F22424140A0088D4F3 /* LaunchScreen.storyboard */ = {
			isa = PBXVariantGroup;
			children = (
				F074A6F32424140A0088D4F3 /* Base */,
			);
			name = LaunchScreen.storyboard;
			sourceTree = "<group>";
		};
		F074A71024241D290088D4F3 /* Localizable.strings */ = {
			isa = PBXVariantGroup;
			children = (
				F074A71124241D290088D4F3 /* Base */,
			);
			name = Localizable.strings;
			sourceTree = "<group>";
		};
/* End PBXVariantGroup section */

/* Begin XCBuildConfiguration section */
		F074A7012424140A0088D4F3 /* Debug */ = {
			isa = XCBuildConfiguration;
			buildSettings = {
				ALWAYS_SEARCH_USER_PATHS = NO;
				CLANG_ANALYZER_NONNULL = YES;
				CLANG_ANALYZER_NUMBER_OBJECT_CONVERSION = YES_AGGRESSIVE;
				CLANG_CXX_LANGUAGE_STANDARD = "gnu++14";
				CLANG_CXX_LIBRARY = "libc++";
				CLANG_ENABLE_MODULES = YES;
				CLANG_ENABLE_OBJC_ARC = YES;
				CLANG_ENABLE_OBJC_WEAK = YES;
				CLANG_WARN_BLOCK_CAPTURE_AUTORELEASING = YES;
				CLANG_WARN_BOOL_CONVERSION = YES;
				CLANG_WARN_COMMA = YES;
				CLANG_WARN_CONSTANT_CONVERSION = YES;
				CLANG_WARN_DEPRECATED_OBJC_IMPLEMENTATIONS = YES;
				CLANG_WARN_DIRECT_OBJC_ISA_USAGE = YES_ERROR;
				CLANG_WARN_DOCUMENTATION_COMMENTS = YES;
				CLANG_WARN_EMPTY_BODY = YES;
				CLANG_WARN_ENUM_CONVERSION = YES;
				CLANG_WARN_INFINITE_RECURSION = YES;
				CLANG_WARN_INT_CONVERSION = YES;
				CLANG_WARN_NON_LITERAL_NULL_CONVERSION = YES;
				CLANG_WARN_OBJC_IMPLICIT_RETAIN_SELF = YES;
				CLANG_WARN_OBJC_LITERAL_CONVERSION = YES;
				CLANG_WARN_OBJC_ROOT_CLASS = YES_ERROR;
				CLANG_WARN_RANGE_LOOP_ANALYSIS = YES;
				CLANG_WARN_STRICT_PROTOTYPES = YES;
				CLANG_WARN_SUSPICIOUS_MOVE = YES;
				CLANG_WARN_UNGUARDED_AVAILABILITY = YES_AGGRESSIVE;
				CLANG_WARN_UNREACHABLE_CODE = YES;
				CLANG_WARN__DUPLICATE_METHOD_MATCH = YES;
				COPY_PHASE_STRIP = NO;
				DEBUG_INFORMATION_FORMAT = dwarf;
				ENABLE_STRICT_OBJC_MSGSEND = YES;
				ENABLE_TESTABILITY = YES;
				GCC_C_LANGUAGE_STANDARD = gnu11;
				GCC_DYNAMIC_NO_PIC = NO;
				GCC_NO_COMMON_BLOCKS = YES;
				GCC_OPTIMIZATION_LEVEL = 0;
				GCC_PREPROCESSOR_DEFINITIONS = (
					"DEBUG=1",
					"$(inherited)",
				);
				GCC_WARN_64_TO_32_BIT_CONVERSION = YES;
				GCC_WARN_ABOUT_RETURN_TYPE = YES_ERROR;
				GCC_WARN_UNDECLARED_SELECTOR = YES;
				GCC_WARN_UNINITIALIZED_AUTOS = YES_AGGRESSIVE;
				GCC_WARN_UNUSED_FUNCTION = YES;
				GCC_WARN_UNUSED_VARIABLE = YES;
				IPHONEOS_DEPLOYMENT_TARGET = 13.2;
				MTL_ENABLE_DEBUG_INFO = INCLUDE_SOURCE;
				MTL_FAST_MATH = YES;
				ONLY_ACTIVE_ARCH = YES;
				SDKROOT = iphoneos;
				SWIFT_ACTIVE_COMPILATION_CONDITIONS = DEBUG;
				SWIFT_OPTIMIZATION_LEVEL = "-Onone";
			};
			name = Debug;
		};
		F074A7022424140A0088D4F3 /* Release */ = {
			isa = XCBuildConfiguration;
			buildSettings = {
				ALWAYS_SEARCH_USER_PATHS = NO;
				CLANG_ANALYZER_NONNULL = YES;
				CLANG_ANALYZER_NUMBER_OBJECT_CONVERSION = YES_AGGRESSIVE;
				CLANG_CXX_LANGUAGE_STANDARD = "gnu++14";
				CLANG_CXX_LIBRARY = "libc++";
				CLANG_ENABLE_MODULES = YES;
				CLANG_ENABLE_OBJC_ARC = YES;
				CLANG_ENABLE_OBJC_WEAK = YES;
				CLANG_WARN_BLOCK_CAPTURE_AUTORELEASING = YES;
				CLANG_WARN_BOOL_CONVERSION = YES;
				CLANG_WARN_COMMA = YES;
				CLANG_WARN_CONSTANT_CONVERSION = YES;
				CLANG_WARN_DEPRECATED_OBJC_IMPLEMENTATIONS = YES;
				CLANG_WARN_DIRECT_OBJC_ISA_USAGE = YES_ERROR;
				CLANG_WARN_DOCUMENTATION_COMMENTS = YES;
				CLANG_WARN_EMPTY_BODY = YES;
				CLANG_WARN_ENUM_CONVERSION = YES;
				CLANG_WARN_INFINITE_RECURSION = YES;
				CLANG_WARN_INT_CONVERSION = YES;
				CLANG_WARN_NON_LITERAL_NULL_CONVERSION = YES;
				CLANG_WARN_OBJC_IMPLICIT_RETAIN_SELF = YES;
				CLANG_WARN_OBJC_LITERAL_CONVERSION = YES;
				CLANG_WARN_OBJC_ROOT_CLASS = YES_ERROR;
				CLANG_WARN_RANGE_LOOP_ANALYSIS = YES;
				CLANG_WARN_STRICT_PROTOTYPES = YES;
				CLANG_WARN_SUSPICIOUS_MOVE = YES;
				CLANG_WARN_UNGUARDED_AVAILABILITY = YES_AGGRESSIVE;
				CLANG_WARN_UNREACHABLE_CODE = YES;
				CLANG_WARN__DUPLICATE_METHOD_MATCH = YES;
				COPY_PHASE_STRIP = NO;
				DEBUG_INFORMATION_FORMAT = "dwarf-with-dsym";
				ENABLE_NS_ASSERTIONS = NO;
				ENABLE_STRICT_OBJC_MSGSEND = YES;
				GCC_C_LANGUAGE_STANDARD = gnu11;
				GCC_NO_COMMON_BLOCKS = YES;
				GCC_WARN_64_TO_32_BIT_CONVERSION = YES;
				GCC_WARN_ABOUT_RETURN_TYPE = YES_ERROR;
				GCC_WARN_UNDECLARED_SELECTOR = YES;
				GCC_WARN_UNINITIALIZED_AUTOS = YES_AGGRESSIVE;
				GCC_WARN_UNUSED_FUNCTION = YES;
				GCC_WARN_UNUSED_VARIABLE = YES;
				IPHONEOS_DEPLOYMENT_TARGET = 13.2;
				MTL_ENABLE_DEBUG_INFO = NO;
				MTL_FAST_MATH = YES;
				SDKROOT = iphoneos;
				SWIFT_COMPILATION_MODE = wholemodule;
				SWIFT_OPTIMIZATION_LEVEL = "-O";
				VALIDATE_PRODUCT = YES;
			};
			name = Release;
		};
		F074A7042424140A0088D4F3 /* Debug */ = {
			isa = XCBuildConfiguration;
			baseConfigurationReference = 3721CD806E3074E3328E2380 /* Pods-MasterDegreeApplication.debug.xcconfig */;
			buildSettings = {
				ASSETCATALOG_COMPILER_APPICON_NAME = AppIcon;
				CODE_SIGN_STYLE = Automatic;
				DEVELOPMENT_TEAM = 4VV3H7446H;
				ENABLE_PREVIEWS = YES;
				INFOPLIST_FILE = MasterDegreeApplication/Common/Resources/Info.plist;
				LD_RUNPATH_SEARCH_PATHS = (
					"$(inherited)",
					"@executable_path/Frameworks",
				);
				PRODUCT_BUNDLE_IDENTIFIER = com.booyac.MasterDegreeApplication;
				PRODUCT_NAME = "$(TARGET_NAME)";
				SWIFT_VERSION = 5.0;
				TARGETED_DEVICE_FAMILY = "1,2";
			};
			name = Debug;
		};
		F074A7052424140A0088D4F3 /* Release */ = {
			isa = XCBuildConfiguration;
			baseConfigurationReference = A1E26A0F38A8CA2E6FD4E21F /* Pods-MasterDegreeApplication.release.xcconfig */;
			buildSettings = {
				ASSETCATALOG_COMPILER_APPICON_NAME = AppIcon;
				CODE_SIGN_STYLE = Automatic;
				DEVELOPMENT_TEAM = 4VV3H7446H;
				ENABLE_PREVIEWS = YES;
				INFOPLIST_FILE = MasterDegreeApplication/Common/Resources/Info.plist;
				LD_RUNPATH_SEARCH_PATHS = (
					"$(inherited)",
					"@executable_path/Frameworks",
				);
				PRODUCT_BUNDLE_IDENTIFIER = com.booyac.MasterDegreeApplication;
				PRODUCT_NAME = "$(TARGET_NAME)";
				SWIFT_VERSION = 5.0;
				TARGETED_DEVICE_FAMILY = "1,2";
			};
			name = Release;
		};
		F074A7072424140A0088D4F3 /* Debug */ = {
			isa = XCBuildConfiguration;
			baseConfigurationReference = 10756FAABFB9A6C2F94750BA /* Pods-MasterDegreeApplicationTests.debug.xcconfig */;
			buildSettings = {
				ALWAYS_EMBED_SWIFT_STANDARD_LIBRARIES = YES;
				BUNDLE_LOADER = "$(TEST_HOST)";
				CODE_SIGN_STYLE = Automatic;
				DEVELOPMENT_TEAM = 4VV3H7446H;
				INFOPLIST_FILE = MasterDegreeApplicationTests/Info.plist;
				IPHONEOS_DEPLOYMENT_TARGET = 13.2;
				LD_RUNPATH_SEARCH_PATHS = (
					"$(inherited)",
					"@executable_path/Frameworks",
					"@loader_path/Frameworks",
				);
				PRODUCT_BUNDLE_IDENTIFIER = com.booyac.MasterDegreeApplicationTests;
				PRODUCT_NAME = "$(TARGET_NAME)";
				SWIFT_VERSION = 5.0;
				TARGETED_DEVICE_FAMILY = "1,2";
				TEST_HOST = "$(BUILT_PRODUCTS_DIR)/MasterDegreeApplication.app/MasterDegreeApplication";
			};
			name = Debug;
		};
		F074A7082424140A0088D4F3 /* Release */ = {
			isa = XCBuildConfiguration;
			baseConfigurationReference = ADF185C5968799BB091D8379 /* Pods-MasterDegreeApplicationTests.release.xcconfig */;
			buildSettings = {
				ALWAYS_EMBED_SWIFT_STANDARD_LIBRARIES = YES;
				BUNDLE_LOADER = "$(TEST_HOST)";
				CODE_SIGN_STYLE = Automatic;
				DEVELOPMENT_TEAM = 4VV3H7446H;
				INFOPLIST_FILE = MasterDegreeApplicationTests/Info.plist;
				IPHONEOS_DEPLOYMENT_TARGET = 13.2;
				LD_RUNPATH_SEARCH_PATHS = (
					"$(inherited)",
					"@executable_path/Frameworks",
					"@loader_path/Frameworks",
				);
				PRODUCT_BUNDLE_IDENTIFIER = com.booyac.MasterDegreeApplicationTests;
				PRODUCT_NAME = "$(TARGET_NAME)";
				SWIFT_VERSION = 5.0;
				TARGETED_DEVICE_FAMILY = "1,2";
				TEST_HOST = "$(BUILT_PRODUCTS_DIR)/MasterDegreeApplication.app/MasterDegreeApplication";
			};
			name = Release;
		};
/* End XCBuildConfiguration section */

/* Begin XCConfigurationList section */
		F074A6DF242414080088D4F3 /* Build configuration list for PBXProject "MasterDegreeApplication" */ = {
			isa = XCConfigurationList;
			buildConfigurations = (
				F074A7012424140A0088D4F3 /* Debug */,
				F074A7022424140A0088D4F3 /* Release */,
			);
			defaultConfigurationIsVisible = 0;
			defaultConfigurationName = Release;
		};
		F074A7032424140A0088D4F3 /* Build configuration list for PBXNativeTarget "MasterDegreeApplication" */ = {
			isa = XCConfigurationList;
			buildConfigurations = (
				F074A7042424140A0088D4F3 /* Debug */,
				F074A7052424140A0088D4F3 /* Release */,
			);
			defaultConfigurationIsVisible = 0;
			defaultConfigurationName = Release;
		};
		F074A7062424140A0088D4F3 /* Build configuration list for PBXNativeTarget "MasterDegreeApplicationTests" */ = {
			isa = XCConfigurationList;
			buildConfigurations = (
				F074A7072424140A0088D4F3 /* Debug */,
				F074A7082424140A0088D4F3 /* Release */,
			);
			defaultConfigurationIsVisible = 0;
			defaultConfigurationName = Release;
		};
/* End XCConfigurationList section */
	};
	rootObject = F074A6DC242414080088D4F3 /* Project object */;
}
